// !$*UTF8*$!
{
	archiveVersion = 1;
	classes = {
	};
	objectVersion = 55;
	objects = {

/* Begin PBXBuildFile section */
		EF00F5B72844F4A7003D8683 /* NFTBiddingModal.swift in Sources */ = {isa = PBXBuildFile; fileRef = EF00F5B62844F4A7003D8683 /* NFTBiddingModal.swift */; };
		EF00F5B92845088F003D8683 /* NFTBidController.swift in Sources */ = {isa = PBXBuildFile; fileRef = EF00F5B82845088F003D8683 /* NFTBidController.swift */; };
		EF00F5BC284539CE003D8683 /* NFTArtTypeCollection.swift in Sources */ = {isa = PBXBuildFile; fileRef = EF00F5BB284539CE003D8683 /* NFTArtTypeCollection.swift */; };
		EF00F5BE28453C30003D8683 /* NFTTypeCollectionCell.swift in Sources */ = {isa = PBXBuildFile; fileRef = EF00F5BD28453C30003D8683 /* NFTTypeCollectionCell.swift */; };
		EF00F5C7284638E7003D8683 /* NFTArtCollectionViewCell.swift in Sources */ = {isa = PBXBuildFile; fileRef = EF00F5C6284638E7003D8683 /* NFTArtCollectionViewCell.swift */; };
		EF00F5CC28465DD7003D8683 /* TopSellerCollectionCell.swift in Sources */ = {isa = PBXBuildFile; fileRef = EF00F5CB28465DD7003D8683 /* TopSellerCollectionCell.swift */; };
		EF00F5CE2846D2AB003D8683 /* NFTDetailHeroHeaderSection.swift in Sources */ = {isa = PBXBuildFile; fileRef = EF00F5CD2846D2AB003D8683 /* NFTDetailHeroHeaderSection.swift */; };
		EF00F5D02846D460003D8683 /* CustomLabel.swift in Sources */ = {isa = PBXBuildFile; fileRef = EF00F5CF2846D460003D8683 /* CustomLabel.swift */; };
		EF00F5D22846D781003D8683 /* NFTArtInteractiveInfoView.swift in Sources */ = {isa = PBXBuildFile; fileRef = EF00F5D12846D781003D8683 /* NFTArtInteractiveInfoView.swift */; };
		EF00F5D52847A660003D8683 /* SliderSelectorView.swift in Sources */ = {isa = PBXBuildFile; fileRef = EF00F5D42847A660003D8683 /* SliderSelectorView.swift */; };
		EF00F5D7284805C1003D8683 /* StatisticCollectionView.swift in Sources */ = {isa = PBXBuildFile; fileRef = EF00F5D6284805C1003D8683 /* StatisticCollectionView.swift */; };
		EF00F5DA2848BB6B003D8683 /* AccountsViewController.swift in Sources */ = {isa = PBXBuildFile; fileRef = EF00F5D92848BB6B003D8683 /* AccountsViewController.swift */; };
		EF018307287376F500064F60 /* Number.swift in Sources */ = {isa = PBXBuildFile; fileRef = EF018306287376F500064F60 /* Number.swift */; };
		EF22D0CB285A378200555179 /* NFTLiveBidViewCellView.swift in Sources */ = {isa = PBXBuildFile; fileRef = EF22D0CA285A378200555179 /* NFTLiveBidViewCellView.swift */; };
		EF22D0CD285A714F00555179 /* CustomTableViewCell.swift in Sources */ = {isa = PBXBuildFile; fileRef = EF22D0CC285A714F00555179 /* CustomTableViewCell.swift */; };
		EF3259D1287C211B001B0CA6 /* ProfileHeaderView.swift in Sources */ = {isa = PBXBuildFile; fileRef = EF3259D0287C211B001B0CA6 /* ProfileHeaderView.swift */; };
		EF3259D3287C2761001B0CA6 /* CGSize.swift in Sources */ = {isa = PBXBuildFile; fileRef = EF3259D2287C2761001B0CA6 /* CGSize.swift */; };
		EF3259D5287C79A2001B0CA6 /* CGFloat.swift in Sources */ = {isa = PBXBuildFile; fileRef = EF3259D4287C79A2001B0CA6 /* CGFloat.swift */; };
		EF3259F92880925F001B0CA6 /* CollectionViewDataSource.swift in Sources */ = {isa = PBXBuildFile; fileRef = EF3259F02880925E001B0CA6 /* CollectionViewDataSource.swift */; };
		EF3259FA2880925F001B0CA6 /* CollectionColumn.swift in Sources */ = {isa = PBXBuildFile; fileRef = EF3259F12880925E001B0CA6 /* CollectionColumn.swift */; };
		EF3259FB2880925F001B0CA6 /* UICollectionLayoutExtension.swift in Sources */ = {isa = PBXBuildFile; fileRef = EF3259F22880925E001B0CA6 /* UICollectionLayoutExtension.swift */; };
		EF3259FC2880925F001B0CA6 /* CollectionViewExtension.swift in Sources */ = {isa = PBXBuildFile; fileRef = EF3259F32880925E001B0CA6 /* CollectionViewExtension.swift */; };
		EF3259FD2880925F001B0CA6 /* TableRow.swift in Sources */ = {isa = PBXBuildFile; fileRef = EF3259F52880925E001B0CA6 /* TableRow.swift */; };
		EF3259FE2880925F001B0CA6 /* CollectionView.swift in Sources */ = {isa = PBXBuildFile; fileRef = EF3259F62880925E001B0CA6 /* CollectionView.swift */; };
		EF3259FF2880925F001B0CA6 /* TableSection.swift in Sources */ = {isa = PBXBuildFile; fileRef = EF3259F72880925E001B0CA6 /* TableSection.swift */; };
		EF325A002880925F001B0CA6 /* TableView.swift in Sources */ = {isa = PBXBuildFile; fileRef = EF3259F82880925E001B0CA6 /* TableView.swift */; };
		EF325A022880A02F001B0CA6 /* NotificationCenter.Name.swift in Sources */ = {isa = PBXBuildFile; fileRef = EF325A012880A02F001B0CA6 /* NotificationCenter.Name.swift */; };
		EF325A062880BFDA001B0CA6 /* Numeric.swift in Sources */ = {isa = PBXBuildFile; fileRef = EF325A052880BFDA001B0CA6 /* Numeric.swift */; };
		EF358377284D371C00783D75 /* StretchyHeaderView.swift in Sources */ = {isa = PBXBuildFile; fileRef = EF358376284D371C00783D75 /* StretchyHeaderView.swift */; };
		EF3B4D51287073E400DD57DB /* NFTArtIntroductionView.swift in Sources */ = {isa = PBXBuildFile; fileRef = EF3B4D50287073E400DD57DB /* NFTArtIntroductionView.swift */; };
		EF3BF928287813E80070CAE5 /* UIEdgeInsets.swift in Sources */ = {isa = PBXBuildFile; fileRef = EF3BF927287813E80070CAE5 /* UIEdgeInsets.swift */; };
		EF3BF92A287AB3D10070CAE5 /* NFTAttributeView.swift in Sources */ = {isa = PBXBuildFile; fileRef = EF3BF929287AB3D10070CAE5 /* NFTAttributeView.swift */; };
		EF3BF92C287ACEBE0070CAE5 /* UILabel.swift in Sources */ = {isa = PBXBuildFile; fileRef = EF3BF92B287ACEBE0070CAE5 /* UILabel.swift */; };
		EF3C9A6F28999F6A007F5200 /* NFTLiveBidNavHeader.swift in Sources */ = {isa = PBXBuildFile; fileRef = EF3C9A6E28999F6A007F5200 /* NFTLiveBidNavHeader.swift */; };
		EF3C9A71289B0E3D007F5200 /* UIImage.swift in Sources */ = {isa = PBXBuildFile; fileRef = EF3C9A70289B0E3D007F5200 /* UIImage.swift */; };
		EF3C9A73289E81A8007F5200 /* CollectionSection.swift in Sources */ = {isa = PBXBuildFile; fileRef = EF3C9A72289E81A8007F5200 /* CollectionSection.swift */; };
		EF3C9A7528A01E39007F5200 /* SectionTestData.swift in Sources */ = {isa = PBXBuildFile; fileRef = EF3C9A7428A01E39007F5200 /* SectionTestData.swift */; };
		EF3C9A7828A04080007F5200 /* UIButton.swift in Sources */ = {isa = PBXBuildFile; fileRef = EF3C9A7728A04080007F5200 /* UIButton.swift */; };
		EF480E0F285F85D400FC0F3F /* NFTAttributeCell.swift in Sources */ = {isa = PBXBuildFile; fileRef = EF480E0E285F85D400FC0F3F /* NFTAttributeCell.swift */; };
		EF527441284AC53A008C77EC /* SDWebImage in Frameworks */ = {isa = PBXBuildFile; productRef = EF527440284AC53A008C77EC /* SDWebImage */; };
		EF527443284AC53A008C77EC /* SDWebImageMapKit in Frameworks */ = {isa = PBXBuildFile; productRef = EF527442284AC53A008C77EC /* SDWebImageMapKit */; };
		EF527492284BA4BD008C77EC /* SectionbasedData.swift in Sources */ = {isa = PBXBuildFile; fileRef = EF527491284BA4BD008C77EC /* SectionbasedData.swift */; };
		EF527494284BECF4008C77EC /* Bundle.swift in Sources */ = {isa = PBXBuildFile; fileRef = EF527493284BECF4008C77EC /* Bundle.swift */; };
		EF527496284C0608008C77EC /* CustomComplexCollectionView.swift in Sources */ = {isa = PBXBuildFile; fileRef = EF527495284C0608008C77EC /* CustomComplexCollectionView.swift */; };
		EF527498284C1E5B008C77EC /* NSCollectionLayout.swift in Sources */ = {isa = PBXBuildFile; fileRef = EF527497284C1E5B008C77EC /* NSCollectionLayout.swift */; };
		EF69B6AA2851575700ABDADA /* UserProfileViewController.swift in Sources */ = {isa = PBXBuildFile; fileRef = EF69B6A92851575700ABDADA /* UserProfileViewController.swift */; };
		EF69B6AD28529FD000ABDADA /* FavoriteViewController.swift in Sources */ = {isa = PBXBuildFile; fileRef = EF69B6AC28529FD000ABDADA /* FavoriteViewController.swift */; };
		EF69B6AF2854965400ABDADA /* WalletDetailView.swift in Sources */ = {isa = PBXBuildFile; fileRef = EF69B6AE2854965400ABDADA /* WalletDetailView.swift */; };
		EF69B6B12854C11E00ABDADA /* StackedButtons.swift in Sources */ = {isa = PBXBuildFile; fileRef = EF69B6B02854C11E00ABDADA /* StackedButtons.swift */; };
		EF69B6B328550CC100ABDADA /* TransactionCell.swift in Sources */ = {isa = PBXBuildFile; fileRef = EF69B6B228550CC100ABDADA /* TransactionCell.swift */; };
		EF69B6B528550D9F00ABDADA /* UITableViewCell.swift in Sources */ = {isa = PBXBuildFile; fileRef = EF69B6B428550D9F00ABDADA /* UITableViewCell.swift */; };
		EF69B6B728550E3C00ABDADA /* TransactionModel.swift in Sources */ = {isa = PBXBuildFile; fileRef = EF69B6B628550E3C00ABDADA /* TransactionModel.swift */; };
		EF69B6B928562D5700ABDADA /* CustomAnimatedImage.swift in Sources */ = {isa = PBXBuildFile; fileRef = EF69B6B828562D5700ABDADA /* CustomAnimatedImage.swift */; };
		EF7447AE284902A300899476 /* AccountHeaderView.swift in Sources */ = {isa = PBXBuildFile; fileRef = EF7447AD284902A300899476 /* AccountHeaderView.swift */; };
		EF7447B028495A8700899476 /* AccountMetrics.swift in Sources */ = {isa = PBXBuildFile; fileRef = EF7447AF28495A8700899476 /* AccountMetrics.swift */; };
		EF7447B2284A0F5800899476 /* RankingCollectionViewCell.swift in Sources */ = {isa = PBXBuildFile; fileRef = EF7447B1284A0F5800899476 /* RankingCollectionViewCell.swift */; };
		EF7447B4284A0F8000899476 /* ActivityCollectionViewCell.swift in Sources */ = {isa = PBXBuildFile; fileRef = EF7447B3284A0F8000899476 /* ActivityCollectionViewCell.swift */; };
		EF7447B6284A0F9F00899476 /* UICollectionView.swift in Sources */ = {isa = PBXBuildFile; fileRef = EF7447B5284A0F9F00899476 /* UICollectionView.swift */; };
		EF7447B8284A109300899476 /* User.swift in Sources */ = {isa = PBXBuildFile; fileRef = EF7447B7284A109300899476 /* User.swift */; };
		EF7447BC284A300F00899476 /* PageViewController.swift in Sources */ = {isa = PBXBuildFile; fileRef = EF7447BB284A300F00899476 /* PageViewController.swift */; };
		EF7447BE284A5B2600899476 /* CustomPageSelectorViewController.swift in Sources */ = {isa = PBXBuildFile; fileRef = EF7447BD284A5B2600899476 /* CustomPageSelectorViewController.swift */; };
		EF7EAFB028A1985300FDFFD3 /* SettingsViewController.swift in Sources */ = {isa = PBXBuildFile; fileRef = EF7EAFAF28A1985300FDFFD3 /* SettingsViewController.swift */; };
		EF7EAFB228A198E900FDFFD3 /* HeaderCaptionLabel.swift in Sources */ = {isa = PBXBuildFile; fileRef = EF7EAFB128A198E900FDFFD3 /* HeaderCaptionLabel.swift */; };
		EF7EAFB428A1998E00FDFFD3 /* String.swift in Sources */ = {isa = PBXBuildFile; fileRef = EF7EAFB328A1998E00FDFFD3 /* String.swift */; };
		EF7EAFB628A2E7F400FDFFD3 /* CustomInfoButton.swift in Sources */ = {isa = PBXBuildFile; fileRef = EF7EAFB528A2E7F400FDFFD3 /* CustomInfoButton.swift */; };
		EF7EAFB828A2EA4400FDFFD3 /* UIStackView.swift in Sources */ = {isa = PBXBuildFile; fileRef = EF7EAFB728A2EA4400FDFFD3 /* UIStackView.swift */; };
		EF7EAFBA28A5956000FDFFD3 /* Float.swift in Sources */ = {isa = PBXBuildFile; fileRef = EF7EAFB928A5956000FDFFD3 /* Float.swift */; };
		EF8B0631283BEAC10050E726 /* AppDelegate.swift in Sources */ = {isa = PBXBuildFile; fileRef = EF8B0630283BEAC10050E726 /* AppDelegate.swift */; };
		EF8B0635283BEAC10050E726 /* MainTabViewController.swift in Sources */ = {isa = PBXBuildFile; fileRef = EF8B0634283BEAC10050E726 /* MainTabViewController.swift */; };
		EF8B0638283BEAC10050E726 /* Main.storyboard in Resources */ = {isa = PBXBuildFile; fileRef = EF8B0636283BEAC10050E726 /* Main.storyboard */; };
		EF8B063A283BEAC10050E726 /* Assets.xcassets in Resources */ = {isa = PBXBuildFile; fileRef = EF8B0639283BEAC10050E726 /* Assets.xcassets */; };
		EF8B063D283BEAC10050E726 /* LaunchScreen.storyboard in Resources */ = {isa = PBXBuildFile; fileRef = EF8B063B283BEAC10050E726 /* LaunchScreen.storyboard */; };
		EF8B0648283BEAC10050E726 /* ArtOceanTests.swift in Sources */ = {isa = PBXBuildFile; fileRef = EF8B0647283BEAC10050E726 /* ArtOceanTests.swift */; };
		EF8B0652283BEAC20050E726 /* ArtOceanUITests.swift in Sources */ = {isa = PBXBuildFile; fileRef = EF8B0651283BEAC20050E726 /* ArtOceanUITests.swift */; };
		EF8B0654283BEAC20050E726 /* ArtOceanUITestsLaunchTests.swift in Sources */ = {isa = PBXBuildFile; fileRef = EF8B0653283BEAC20050E726 /* ArtOceanUITestsLaunchTests.swift */; };
		EF8B0665283BED350050E726 /* HomeViewController.swift in Sources */ = {isa = PBXBuildFile; fileRef = EF8B0664283BED350050E726 /* HomeViewController.swift */; };
		EF8B0668283BEF250050E726 /* UIColor.swift in Sources */ = {isa = PBXBuildFile; fileRef = EF8B0667283BEF250050E726 /* UIColor.swift */; };
		EF8B066A283BEFB90050E726 /* TabBarModel.swift in Sources */ = {isa = PBXBuildFile; fileRef = EF8B0669283BEFB90050E726 /* TabBarModel.swift */; };
		EF8B066C283BF0E70050E726 /* ProfileViewController.swift in Sources */ = {isa = PBXBuildFile; fileRef = EF8B066B283BF0E70050E726 /* ProfileViewController.swift */; };
		EF8B066E283BF0F10050E726 /* StatisticsViewController.swift in Sources */ = {isa = PBXBuildFile; fileRef = EF8B066D283BF0F10050E726 /* StatisticsViewController.swift */; };
		EF8B0672283BFA6D0050E726 /* NFTArtCollection.swift in Sources */ = {isa = PBXBuildFile; fileRef = EF8B0671283BFA6D0050E726 /* NFTArtCollection.swift */; };
		EF8B0675283BFA900050E726 /* NFTArtCollectionLiveBidViewCell.swift in Sources */ = {isa = PBXBuildFile; fileRef = EF8B0674283BFA900050E726 /* NFTArtCollectionLiveBidViewCell.swift */; };
		EF8B0677283C20820050E726 /* UIImageView.swift in Sources */ = {isa = PBXBuildFile; fileRef = EF8B0676283C20820050E726 /* UIImageView.swift */; };
		EF8B067A283C26120050E726 /* ImageDownloader.swift in Sources */ = {isa = PBXBuildFile; fileRef = EF8B0679283C26120050E726 /* ImageDownloader.swift */; };
		EF8B067D283C27020050E726 /* AlchemyAPI.swift in Sources */ = {isa = PBXBuildFile; fileRef = EF8B067C283C27020050E726 /* AlchemyAPI.swift */; };
		EF8B067F283C28960050E726 /* DataError.swift in Sources */ = {isa = PBXBuildFile; fileRef = EF8B067E283C28960050E726 /* DataError.swift */; };
		EF8B0681283C2A180050E726 /* DataCache.swift in Sources */ = {isa = PBXBuildFile; fileRef = EF8B0680283C2A180050E726 /* DataCache.swift */; };
		EF8B0683283C2CA10050E726 /* AlchemyNFTDataModel.swift in Sources */ = {isa = PBXBuildFile; fileRef = EF8B0682283C2CA10050E726 /* AlchemyNFTDataModel.swift */; };
		EF8B0685283C31560050E726 /* UIView.swift in Sources */ = {isa = PBXBuildFile; fileRef = EF8B0684283C31560050E726 /* UIView.swift */; };
		EF8B0688283CCD4F0050E726 /* nft.json in Resources */ = {isa = PBXBuildFile; fileRef = EF8B0687283CCD4F0050E726 /* nft.json */; };
		EF8B06AC283D0C710050E726 /* Satoshi-BoldItalic.otf in Resources */ = {isa = PBXBuildFile; fileRef = EF8B06A2283D0C700050E726 /* Satoshi-BoldItalic.otf */; };
		EF8B06AD283D0C710050E726 /* Satoshi-BoldItalic.otf in Resources */ = {isa = PBXBuildFile; fileRef = EF8B06A2283D0C700050E726 /* Satoshi-BoldItalic.otf */; };
		EF8B06AE283D0C710050E726 /* Satoshi-BoldItalic.otf in Resources */ = {isa = PBXBuildFile; fileRef = EF8B06A2283D0C700050E726 /* Satoshi-BoldItalic.otf */; };
		EF8B06AF283D0C710050E726 /* Satoshi-Black.otf in Resources */ = {isa = PBXBuildFile; fileRef = EF8B06A3283D0C700050E726 /* Satoshi-Black.otf */; };
		EF8B06B0283D0C710050E726 /* Satoshi-Black.otf in Resources */ = {isa = PBXBuildFile; fileRef = EF8B06A3283D0C700050E726 /* Satoshi-Black.otf */; };
		EF8B06B1283D0C710050E726 /* Satoshi-Black.otf in Resources */ = {isa = PBXBuildFile; fileRef = EF8B06A3283D0C700050E726 /* Satoshi-Black.otf */; };
		EF8B06B2283D0C710050E726 /* Satoshi-Medium.otf in Resources */ = {isa = PBXBuildFile; fileRef = EF8B06A4283D0C700050E726 /* Satoshi-Medium.otf */; };
		EF8B06B3283D0C710050E726 /* Satoshi-Medium.otf in Resources */ = {isa = PBXBuildFile; fileRef = EF8B06A4283D0C700050E726 /* Satoshi-Medium.otf */; };
		EF8B06B4283D0C710050E726 /* Satoshi-Medium.otf in Resources */ = {isa = PBXBuildFile; fileRef = EF8B06A4283D0C700050E726 /* Satoshi-Medium.otf */; };
		EF8B06B5283D0C710050E726 /* Satoshi-LightItalic.otf in Resources */ = {isa = PBXBuildFile; fileRef = EF8B06A5283D0C700050E726 /* Satoshi-LightItalic.otf */; };
		EF8B06B6283D0C710050E726 /* Satoshi-LightItalic.otf in Resources */ = {isa = PBXBuildFile; fileRef = EF8B06A5283D0C700050E726 /* Satoshi-LightItalic.otf */; };
		EF8B06B7283D0C710050E726 /* Satoshi-LightItalic.otf in Resources */ = {isa = PBXBuildFile; fileRef = EF8B06A5283D0C700050E726 /* Satoshi-LightItalic.otf */; };
		EF8B06B8283D0C710050E726 /* Satoshi-MediumItalic.otf in Resources */ = {isa = PBXBuildFile; fileRef = EF8B06A6283D0C710050E726 /* Satoshi-MediumItalic.otf */; };
		EF8B06B9283D0C710050E726 /* Satoshi-MediumItalic.otf in Resources */ = {isa = PBXBuildFile; fileRef = EF8B06A6283D0C710050E726 /* Satoshi-MediumItalic.otf */; };
		EF8B06BA283D0C710050E726 /* Satoshi-MediumItalic.otf in Resources */ = {isa = PBXBuildFile; fileRef = EF8B06A6283D0C710050E726 /* Satoshi-MediumItalic.otf */; };
		EF8B06BB283D0C710050E726 /* Satoshi-BlackItalic.otf in Resources */ = {isa = PBXBuildFile; fileRef = EF8B06A7283D0C710050E726 /* Satoshi-BlackItalic.otf */; };
		EF8B06BC283D0C710050E726 /* Satoshi-BlackItalic.otf in Resources */ = {isa = PBXBuildFile; fileRef = EF8B06A7283D0C710050E726 /* Satoshi-BlackItalic.otf */; };
		EF8B06BD283D0C710050E726 /* Satoshi-BlackItalic.otf in Resources */ = {isa = PBXBuildFile; fileRef = EF8B06A7283D0C710050E726 /* Satoshi-BlackItalic.otf */; };
		EF8B06BE283D0C710050E726 /* Satoshi-Italic.otf in Resources */ = {isa = PBXBuildFile; fileRef = EF8B06A8283D0C710050E726 /* Satoshi-Italic.otf */; };
		EF8B06BF283D0C710050E726 /* Satoshi-Italic.otf in Resources */ = {isa = PBXBuildFile; fileRef = EF8B06A8283D0C710050E726 /* Satoshi-Italic.otf */; };
		EF8B06C0283D0C710050E726 /* Satoshi-Italic.otf in Resources */ = {isa = PBXBuildFile; fileRef = EF8B06A8283D0C710050E726 /* Satoshi-Italic.otf */; };
		EF8B06C1283D0C710050E726 /* Satoshi-Regular.otf in Resources */ = {isa = PBXBuildFile; fileRef = EF8B06A9283D0C710050E726 /* Satoshi-Regular.otf */; };
		EF8B06C2283D0C710050E726 /* Satoshi-Regular.otf in Resources */ = {isa = PBXBuildFile; fileRef = EF8B06A9283D0C710050E726 /* Satoshi-Regular.otf */; };
		EF8B06C3283D0C710050E726 /* Satoshi-Regular.otf in Resources */ = {isa = PBXBuildFile; fileRef = EF8B06A9283D0C710050E726 /* Satoshi-Regular.otf */; };
		EF8B06C4283D0C710050E726 /* Satoshi-Bold.otf in Resources */ = {isa = PBXBuildFile; fileRef = EF8B06AA283D0C710050E726 /* Satoshi-Bold.otf */; };
		EF8B06C5283D0C710050E726 /* Satoshi-Bold.otf in Resources */ = {isa = PBXBuildFile; fileRef = EF8B06AA283D0C710050E726 /* Satoshi-Bold.otf */; };
		EF8B06C6283D0C710050E726 /* Satoshi-Bold.otf in Resources */ = {isa = PBXBuildFile; fileRef = EF8B06AA283D0C710050E726 /* Satoshi-Bold.otf */; };
		EF8B06C7283D0C710050E726 /* Satoshi-Light.otf in Resources */ = {isa = PBXBuildFile; fileRef = EF8B06AB283D0C710050E726 /* Satoshi-Light.otf */; };
		EF8B06C8283D0C710050E726 /* Satoshi-Light.otf in Resources */ = {isa = PBXBuildFile; fileRef = EF8B06AB283D0C710050E726 /* Satoshi-Light.otf */; };
		EF8B06C9283D0C710050E726 /* Satoshi-Light.otf in Resources */ = {isa = PBXBuildFile; fileRef = EF8B06AB283D0C710050E726 /* Satoshi-Light.otf */; };
		EF8B06CC283D5B4C0050E726 /* TopCollectionView.swift in Sources */ = {isa = PBXBuildFile; fileRef = EF8B06CB283D5B4C0050E726 /* TopCollectionView.swift */; };
		EF8B06CD283D5B4C0050E726 /* TopCollectionView.swift in Sources */ = {isa = PBXBuildFile; fileRef = EF8B06CB283D5B4C0050E726 /* TopCollectionView.swift */; };
		EF8B06CE283D5B4C0050E726 /* TopCollectionView.swift in Sources */ = {isa = PBXBuildFile; fileRef = EF8B06CB283D5B4C0050E726 /* TopCollectionView.swift */; };
		EF8B06D0283D60EC0050E726 /* TopCollectionTableCellViewTableViewCell.swift in Sources */ = {isa = PBXBuildFile; fileRef = EF8B06CF283D60EC0050E726 /* TopCollectionTableCellViewTableViewCell.swift */; };
		EF8B06D1283D60EC0050E726 /* TopCollectionTableCellViewTableViewCell.swift in Sources */ = {isa = PBXBuildFile; fileRef = EF8B06CF283D60EC0050E726 /* TopCollectionTableCellViewTableViewCell.swift */; };
		EF8B06D2283D60EC0050E726 /* TopCollectionTableCellViewTableViewCell.swift in Sources */ = {isa = PBXBuildFile; fileRef = EF8B06CF283D60EC0050E726 /* TopCollectionTableCellViewTableViewCell.swift */; };
		EF8B06D5283E3A4B0050E726 /* LiveBidDetailView.swift in Sources */ = {isa = PBXBuildFile; fileRef = EF8B06D4283E3A4B0050E726 /* LiveBidDetailView.swift */; };
		EF8B06D6283E3A4B0050E726 /* LiveBidDetailView.swift in Sources */ = {isa = PBXBuildFile; fileRef = EF8B06D4283E3A4B0050E726 /* LiveBidDetailView.swift */; };
		EF8B06D7283E3A4B0050E726 /* LiveBidDetailView.swift in Sources */ = {isa = PBXBuildFile; fileRef = EF8B06D4283E3A4B0050E726 /* LiveBidDetailView.swift */; };
		EF8B06DA283E77AA0050E726 /* ContainerHeaderView.swift in Sources */ = {isa = PBXBuildFile; fileRef = EF8B06D9283E77AA0050E726 /* ContainerHeaderView.swift */; };
		EF8B06DB283E77AA0050E726 /* ContainerHeaderView.swift in Sources */ = {isa = PBXBuildFile; fileRef = EF8B06D9283E77AA0050E726 /* ContainerHeaderView.swift */; };
		EF8B06DC283E77AA0050E726 /* ContainerHeaderView.swift in Sources */ = {isa = PBXBuildFile; fileRef = EF8B06D9283E77AA0050E726 /* ContainerHeaderView.swift */; };
		EF8B06DE283E7C2C0050E726 /* Container.swift in Sources */ = {isa = PBXBuildFile; fileRef = EF8B06DD283E7C2C0050E726 /* Container.swift */; };
		EF8B06DF283E7C2C0050E726 /* Container.swift in Sources */ = {isa = PBXBuildFile; fileRef = EF8B06DD283E7C2C0050E726 /* Container.swift */; };
		EF8B06E0283E7C2C0050E726 /* Container.swift in Sources */ = {isa = PBXBuildFile; fileRef = EF8B06DD283E7C2C0050E726 /* Container.swift */; };
		EF8B07462840A8150050E726 /* UIViewController.swift in Sources */ = {isa = PBXBuildFile; fileRef = EF8B07452840A8150050E726 /* UIViewController.swift */; };
		EF8B07472840A8150050E726 /* UIViewController.swift in Sources */ = {isa = PBXBuildFile; fileRef = EF8B07452840A8150050E726 /* UIViewController.swift */; };
		EF8B07482840A8150050E726 /* UIViewController.swift in Sources */ = {isa = PBXBuildFile; fileRef = EF8B07452840A8150050E726 /* UIViewController.swift */; };
		EF924CF5284CA454009E9C2A /* CustomSelectorCollectionView.swift in Sources */ = {isa = PBXBuildFile; fileRef = EF924CF4284CA454009E9C2A /* CustomSelectorCollectionView.swift */; };
		EF924CF8284CE68B009E9C2A /* user.json in Resources */ = {isa = PBXBuildFile; fileRef = EF924CF7284CE68B009E9C2A /* user.json */; };
		EFAB445A28639BCF00B33864 /* ChartView.swift in Sources */ = {isa = PBXBuildFile; fileRef = EFAB445928639BCF00B33864 /* ChartView.swift */; };
		EFAB445C28639EEE00B33864 /* Array.swift in Sources */ = {isa = PBXBuildFile; fileRef = EFAB445B28639EEE00B33864 /* Array.swift */; };
		EFAB445E2863A58A00B33864 /* CGPoint.swift in Sources */ = {isa = PBXBuildFile; fileRef = EFAB445D2863A58A00B33864 /* CGPoint.swift */; };
		EFAB446128671EB600B33864 /* NFTPriceHistoryChartView.swift in Sources */ = {isa = PBXBuildFile; fileRef = EFAB446028671EB600B33864 /* NFTPriceHistoryChartView.swift */; };
		EFAB44632867912F00B33864 /* StackContainer.swift in Sources */ = {isa = PBXBuildFile; fileRef = EFAB44622867912F00B33864 /* StackContainer.swift */; };
		EFAB44662868684600B33864 /* SearchViewController.swift in Sources */ = {isa = PBXBuildFile; fileRef = EFAB44652868684600B33864 /* SearchViewController.swift */; };
		EFAB446828686DCE00B33864 /* CustomSearchBar.swift in Sources */ = {isa = PBXBuildFile; fileRef = EFAB446728686DCE00B33864 /* CustomSearchBar.swift */; };
		EFAB446A2868840800B33864 /* UICollection.swift in Sources */ = {isa = PBXBuildFile; fileRef = EFAB44692868840800B33864 /* UICollection.swift */; };
		EFD13C1C2843E1BD000E422E /* CustomLabelButton.swift in Sources */ = {isa = PBXBuildFile; fileRef = EFD13C1B2843E1BD000E422E /* CustomLabelButton.swift */; };
		EFD13C1F2843EC0C000E422E /* NFTDetailViewController.swift in Sources */ = {isa = PBXBuildFile; fileRef = EFD13C1E2843EC0C000E422E /* NFTDetailViewController.swift */; };
		EFD13C212843ECB3000E422E /* CustomImageView.swift in Sources */ = {isa = PBXBuildFile; fileRef = EFD13C202843ECB3000E422E /* CustomImageView.swift */; };
		EFD13C232844196F000E422E /* NFTLiveBidCollectionProtocol.swift in Sources */ = {isa = PBXBuildFile; fileRef = EFD13C222844196F000E422E /* NFTLiveBidCollectionProtocol.swift */; };
		EFD13C2528442484000E422E /* CustomButton.swift in Sources */ = {isa = PBXBuildFile; fileRef = EFD13C2428442484000E422E /* CustomButton.swift */; };
		EFD13C272844CF4F000E422E /* NFTOfferTableView.swift in Sources */ = {isa = PBXBuildFile; fileRef = EFD13C262844CF4F000E422E /* NFTOfferTableView.swift */; };
		EFD13C292844CF80000E422E /* NFTOfferModel.swift in Sources */ = {isa = PBXBuildFile; fileRef = EFD13C282844CF80000E422E /* NFTOfferModel.swift */; };
		EFD13C2B2844D560000E422E /* NFTOfferTableViewCell.swift in Sources */ = {isa = PBXBuildFile; fileRef = EFD13C2A2844D560000E422E /* NFTOfferTableViewCell.swift */; };
/* End PBXBuildFile section */

/* Begin PBXContainerItemProxy section */
		EF8B0644283BEAC10050E726 /* PBXContainerItemProxy */ = {
			isa = PBXContainerItemProxy;
			containerPortal = EF8B0625283BEAC10050E726 /* Project object */;
			proxyType = 1;
			remoteGlobalIDString = EF8B062C283BEAC10050E726;
			remoteInfo = ArtOcean;
		};
		EF8B064E283BEAC20050E726 /* PBXContainerItemProxy */ = {
			isa = PBXContainerItemProxy;
			containerPortal = EF8B0625283BEAC10050E726 /* Project object */;
			proxyType = 1;
			remoteGlobalIDString = EF8B062C283BEAC10050E726;
			remoteInfo = ArtOcean;
		};
/* End PBXContainerItemProxy section */

/* Begin PBXFileReference section */
		EF00F5B62844F4A7003D8683 /* NFTBiddingModal.swift */ = {isa = PBXFileReference; lastKnownFileType = sourcecode.swift; path = NFTBiddingModal.swift; sourceTree = "<group>"; };
		EF00F5B82845088F003D8683 /* NFTBidController.swift */ = {isa = PBXFileReference; lastKnownFileType = sourcecode.swift; path = NFTBidController.swift; sourceTree = "<group>"; };
		EF00F5BB284539CE003D8683 /* NFTArtTypeCollection.swift */ = {isa = PBXFileReference; lastKnownFileType = sourcecode.swift; path = NFTArtTypeCollection.swift; sourceTree = "<group>"; };
		EF00F5BD28453C30003D8683 /* NFTTypeCollectionCell.swift */ = {isa = PBXFileReference; lastKnownFileType = sourcecode.swift; path = NFTTypeCollectionCell.swift; sourceTree = "<group>"; };
		EF00F5C6284638E7003D8683 /* NFTArtCollectionViewCell.swift */ = {isa = PBXFileReference; lastKnownFileType = sourcecode.swift; path = NFTArtCollectionViewCell.swift; sourceTree = "<group>"; };
		EF00F5CB28465DD7003D8683 /* TopSellerCollectionCell.swift */ = {isa = PBXFileReference; lastKnownFileType = sourcecode.swift; path = TopSellerCollectionCell.swift; sourceTree = "<group>"; };
		EF00F5CD2846D2AB003D8683 /* NFTDetailHeroHeaderSection.swift */ = {isa = PBXFileReference; lastKnownFileType = sourcecode.swift; path = NFTDetailHeroHeaderSection.swift; sourceTree = "<group>"; };
		EF00F5CF2846D460003D8683 /* CustomLabel.swift */ = {isa = PBXFileReference; lastKnownFileType = sourcecode.swift; path = CustomLabel.swift; sourceTree = "<group>"; };
		EF00F5D12846D781003D8683 /* NFTArtInteractiveInfoView.swift */ = {isa = PBXFileReference; lastKnownFileType = sourcecode.swift; path = NFTArtInteractiveInfoView.swift; sourceTree = "<group>"; };
		EF00F5D42847A660003D8683 /* SliderSelectorView.swift */ = {isa = PBXFileReference; lastKnownFileType = sourcecode.swift; path = SliderSelectorView.swift; sourceTree = "<group>"; };
		EF00F5D6284805C1003D8683 /* StatisticCollectionView.swift */ = {isa = PBXFileReference; lastKnownFileType = sourcecode.swift; path = StatisticCollectionView.swift; sourceTree = "<group>"; };
		EF00F5D92848BB6B003D8683 /* AccountsViewController.swift */ = {isa = PBXFileReference; lastKnownFileType = sourcecode.swift; path = AccountsViewController.swift; sourceTree = "<group>"; };
		EF018306287376F500064F60 /* Number.swift */ = {isa = PBXFileReference; lastKnownFileType = sourcecode.swift; path = Number.swift; sourceTree = "<group>"; };
		EF22D0CA285A378200555179 /* NFTLiveBidViewCellView.swift */ = {isa = PBXFileReference; lastKnownFileType = sourcecode.swift; path = NFTLiveBidViewCellView.swift; sourceTree = "<group>"; };
		EF22D0CC285A714F00555179 /* CustomTableViewCell.swift */ = {isa = PBXFileReference; lastKnownFileType = sourcecode.swift; path = CustomTableViewCell.swift; sourceTree = "<group>"; };
		EF3259D0287C211B001B0CA6 /* ProfileHeaderView.swift */ = {isa = PBXFileReference; lastKnownFileType = sourcecode.swift; path = ProfileHeaderView.swift; sourceTree = "<group>"; };
		EF3259D2287C2761001B0CA6 /* CGSize.swift */ = {isa = PBXFileReference; lastKnownFileType = sourcecode.swift; path = CGSize.swift; sourceTree = "<group>"; };
		EF3259D4287C79A2001B0CA6 /* CGFloat.swift */ = {isa = PBXFileReference; lastKnownFileType = sourcecode.swift; path = CGFloat.swift; sourceTree = "<group>"; };
		EF3259F02880925E001B0CA6 /* CollectionViewDataSource.swift */ = {isa = PBXFileReference; fileEncoding = 4; lastKnownFileType = sourcecode.swift; path = CollectionViewDataSource.swift; sourceTree = "<group>"; };
		EF3259F12880925E001B0CA6 /* CollectionColumn.swift */ = {isa = PBXFileReference; fileEncoding = 4; lastKnownFileType = sourcecode.swift; path = CollectionColumn.swift; sourceTree = "<group>"; };
		EF3259F22880925E001B0CA6 /* UICollectionLayoutExtension.swift */ = {isa = PBXFileReference; fileEncoding = 4; lastKnownFileType = sourcecode.swift; path = UICollectionLayoutExtension.swift; sourceTree = "<group>"; };
		EF3259F32880925E001B0CA6 /* CollectionViewExtension.swift */ = {isa = PBXFileReference; fileEncoding = 4; lastKnownFileType = sourcecode.swift; path = CollectionViewExtension.swift; sourceTree = "<group>"; };
		EF3259F52880925E001B0CA6 /* TableRow.swift */ = {isa = PBXFileReference; fileEncoding = 4; lastKnownFileType = sourcecode.swift; path = TableRow.swift; sourceTree = "<group>"; };
		EF3259F62880925E001B0CA6 /* CollectionView.swift */ = {isa = PBXFileReference; fileEncoding = 4; lastKnownFileType = sourcecode.swift; path = CollectionView.swift; sourceTree = "<group>"; };
		EF3259F72880925E001B0CA6 /* TableSection.swift */ = {isa = PBXFileReference; fileEncoding = 4; lastKnownFileType = sourcecode.swift; path = TableSection.swift; sourceTree = "<group>"; };
		EF3259F82880925E001B0CA6 /* TableView.swift */ = {isa = PBXFileReference; fileEncoding = 4; lastKnownFileType = sourcecode.swift; path = TableView.swift; sourceTree = "<group>"; };
		EF325A012880A02F001B0CA6 /* NotificationCenter.Name.swift */ = {isa = PBXFileReference; lastKnownFileType = sourcecode.swift; path = NotificationCenter.Name.swift; sourceTree = "<group>"; };
		EF325A052880BFDA001B0CA6 /* Numeric.swift */ = {isa = PBXFileReference; lastKnownFileType = sourcecode.swift; path = Numeric.swift; sourceTree = "<group>"; };
		EF358376284D371C00783D75 /* StretchyHeaderView.swift */ = {isa = PBXFileReference; lastKnownFileType = sourcecode.swift; path = StretchyHeaderView.swift; sourceTree = "<group>"; };
		EF3B4D50287073E400DD57DB /* NFTArtIntroductionView.swift */ = {isa = PBXFileReference; lastKnownFileType = sourcecode.swift; path = NFTArtIntroductionView.swift; sourceTree = "<group>"; };
		EF3BF927287813E80070CAE5 /* UIEdgeInsets.swift */ = {isa = PBXFileReference; lastKnownFileType = sourcecode.swift; path = UIEdgeInsets.swift; sourceTree = "<group>"; };
		EF3BF929287AB3D10070CAE5 /* NFTAttributeView.swift */ = {isa = PBXFileReference; lastKnownFileType = sourcecode.swift; path = NFTAttributeView.swift; sourceTree = "<group>"; };
		EF3BF92B287ACEBE0070CAE5 /* UILabel.swift */ = {isa = PBXFileReference; lastKnownFileType = sourcecode.swift; path = UILabel.swift; sourceTree = "<group>"; };
		EF3C9A6E28999F6A007F5200 /* NFTLiveBidNavHeader.swift */ = {isa = PBXFileReference; lastKnownFileType = sourcecode.swift; path = NFTLiveBidNavHeader.swift; sourceTree = "<group>"; };
		EF3C9A70289B0E3D007F5200 /* UIImage.swift */ = {isa = PBXFileReference; lastKnownFileType = sourcecode.swift; path = UIImage.swift; sourceTree = "<group>"; };
		EF3C9A72289E81A8007F5200 /* CollectionSection.swift */ = {isa = PBXFileReference; lastKnownFileType = sourcecode.swift; path = CollectionSection.swift; sourceTree = "<group>"; };
		EF3C9A7428A01E39007F5200 /* SectionTestData.swift */ = {isa = PBXFileReference; lastKnownFileType = sourcecode.swift; path = SectionTestData.swift; sourceTree = "<group>"; };
		EF3C9A7728A04080007F5200 /* UIButton.swift */ = {isa = PBXFileReference; lastKnownFileType = sourcecode.swift; path = UIButton.swift; sourceTree = "<group>"; };
		EF480E0E285F85D400FC0F3F /* NFTAttributeCell.swift */ = {isa = PBXFileReference; lastKnownFileType = sourcecode.swift; path = NFTAttributeCell.swift; sourceTree = "<group>"; };
		EF527491284BA4BD008C77EC /* SectionbasedData.swift */ = {isa = PBXFileReference; lastKnownFileType = sourcecode.swift; path = SectionbasedData.swift; sourceTree = "<group>"; };
		EF527493284BECF4008C77EC /* Bundle.swift */ = {isa = PBXFileReference; lastKnownFileType = sourcecode.swift; path = Bundle.swift; sourceTree = "<group>"; };
		EF527495284C0608008C77EC /* CustomComplexCollectionView.swift */ = {isa = PBXFileReference; lastKnownFileType = sourcecode.swift; path = CustomComplexCollectionView.swift; sourceTree = "<group>"; };
		EF527497284C1E5B008C77EC /* NSCollectionLayout.swift */ = {isa = PBXFileReference; lastKnownFileType = sourcecode.swift; path = NSCollectionLayout.swift; sourceTree = "<group>"; };
		EF69B6A92851575700ABDADA /* UserProfileViewController.swift */ = {isa = PBXFileReference; lastKnownFileType = sourcecode.swift; path = UserProfileViewController.swift; sourceTree = "<group>"; };
		EF69B6AC28529FD000ABDADA /* FavoriteViewController.swift */ = {isa = PBXFileReference; lastKnownFileType = sourcecode.swift; path = FavoriteViewController.swift; sourceTree = "<group>"; };
		EF69B6AE2854965400ABDADA /* WalletDetailView.swift */ = {isa = PBXFileReference; lastKnownFileType = sourcecode.swift; path = WalletDetailView.swift; sourceTree = "<group>"; };
		EF69B6B02854C11E00ABDADA /* StackedButtons.swift */ = {isa = PBXFileReference; lastKnownFileType = sourcecode.swift; path = StackedButtons.swift; sourceTree = "<group>"; };
		EF69B6B228550CC100ABDADA /* TransactionCell.swift */ = {isa = PBXFileReference; lastKnownFileType = sourcecode.swift; path = TransactionCell.swift; sourceTree = "<group>"; };
		EF69B6B428550D9F00ABDADA /* UITableViewCell.swift */ = {isa = PBXFileReference; lastKnownFileType = sourcecode.swift; path = UITableViewCell.swift; sourceTree = "<group>"; };
		EF69B6B628550E3C00ABDADA /* TransactionModel.swift */ = {isa = PBXFileReference; lastKnownFileType = sourcecode.swift; path = TransactionModel.swift; sourceTree = "<group>"; };
		EF69B6B828562D5700ABDADA /* CustomAnimatedImage.swift */ = {isa = PBXFileReference; lastKnownFileType = sourcecode.swift; path = CustomAnimatedImage.swift; sourceTree = "<group>"; };
		EF7447AD284902A300899476 /* AccountHeaderView.swift */ = {isa = PBXFileReference; lastKnownFileType = sourcecode.swift; path = AccountHeaderView.swift; sourceTree = "<group>"; };
		EF7447AF28495A8700899476 /* AccountMetrics.swift */ = {isa = PBXFileReference; lastKnownFileType = sourcecode.swift; path = AccountMetrics.swift; sourceTree = "<group>"; };
		EF7447B1284A0F5800899476 /* RankingCollectionViewCell.swift */ = {isa = PBXFileReference; lastKnownFileType = sourcecode.swift; path = RankingCollectionViewCell.swift; sourceTree = "<group>"; };
		EF7447B3284A0F8000899476 /* ActivityCollectionViewCell.swift */ = {isa = PBXFileReference; lastKnownFileType = sourcecode.swift; path = ActivityCollectionViewCell.swift; sourceTree = "<group>"; };
		EF7447B5284A0F9F00899476 /* UICollectionView.swift */ = {isa = PBXFileReference; lastKnownFileType = sourcecode.swift; path = UICollectionView.swift; sourceTree = "<group>"; };
		EF7447B7284A109300899476 /* User.swift */ = {isa = PBXFileReference; lastKnownFileType = sourcecode.swift; path = User.swift; sourceTree = "<group>"; };
		EF7447BB284A300F00899476 /* PageViewController.swift */ = {isa = PBXFileReference; lastKnownFileType = sourcecode.swift; path = PageViewController.swift; sourceTree = "<group>"; };
		EF7447BD284A5B2600899476 /* CustomPageSelectorViewController.swift */ = {isa = PBXFileReference; lastKnownFileType = sourcecode.swift; path = CustomPageSelectorViewController.swift; sourceTree = "<group>"; };
		EF7EAFAF28A1985300FDFFD3 /* SettingsViewController.swift */ = {isa = PBXFileReference; lastKnownFileType = sourcecode.swift; path = SettingsViewController.swift; sourceTree = "<group>"; };
		EF7EAFB128A198E900FDFFD3 /* HeaderCaptionLabel.swift */ = {isa = PBXFileReference; lastKnownFileType = sourcecode.swift; path = HeaderCaptionLabel.swift; sourceTree = "<group>"; };
		EF7EAFB328A1998E00FDFFD3 /* String.swift */ = {isa = PBXFileReference; lastKnownFileType = sourcecode.swift; path = String.swift; sourceTree = "<group>"; };
		EF7EAFB528A2E7F400FDFFD3 /* CustomInfoButton.swift */ = {isa = PBXFileReference; lastKnownFileType = sourcecode.swift; path = CustomInfoButton.swift; sourceTree = "<group>"; };
		EF7EAFB728A2EA4400FDFFD3 /* UIStackView.swift */ = {isa = PBXFileReference; lastKnownFileType = sourcecode.swift; path = UIStackView.swift; sourceTree = "<group>"; };
		EF7EAFB928A5956000FDFFD3 /* Float.swift */ = {isa = PBXFileReference; lastKnownFileType = sourcecode.swift; path = Float.swift; sourceTree = "<group>"; };
		EF8B062D283BEAC10050E726 /* ArtOcean.app */ = {isa = PBXFileReference; explicitFileType = wrapper.application; includeInIndex = 0; path = ArtOcean.app; sourceTree = BUILT_PRODUCTS_DIR; };
		EF8B0630283BEAC10050E726 /* AppDelegate.swift */ = {isa = PBXFileReference; lastKnownFileType = sourcecode.swift; path = AppDelegate.swift; sourceTree = "<group>"; };
		EF8B0634283BEAC10050E726 /* MainTabViewController.swift */ = {isa = PBXFileReference; lastKnownFileType = sourcecode.swift; path = MainTabViewController.swift; sourceTree = "<group>"; };
		EF8B0637283BEAC10050E726 /* Base */ = {isa = PBXFileReference; lastKnownFileType = file.storyboard; name = Base; path = Base.lproj/Main.storyboard; sourceTree = "<group>"; };
		EF8B0639283BEAC10050E726 /* Assets.xcassets */ = {isa = PBXFileReference; lastKnownFileType = folder.assetcatalog; path = Assets.xcassets; sourceTree = "<group>"; };
		EF8B063C283BEAC10050E726 /* Base */ = {isa = PBXFileReference; lastKnownFileType = file.storyboard; name = Base; path = Base.lproj/LaunchScreen.storyboard; sourceTree = "<group>"; };
		EF8B063E283BEAC10050E726 /* Info.plist */ = {isa = PBXFileReference; lastKnownFileType = text.plist.xml; path = Info.plist; sourceTree = "<group>"; };
		EF8B0643283BEAC10050E726 /* ArtOceanTests.xctest */ = {isa = PBXFileReference; explicitFileType = wrapper.cfbundle; includeInIndex = 0; path = ArtOceanTests.xctest; sourceTree = BUILT_PRODUCTS_DIR; };
		EF8B0647283BEAC10050E726 /* ArtOceanTests.swift */ = {isa = PBXFileReference; lastKnownFileType = sourcecode.swift; path = ArtOceanTests.swift; sourceTree = "<group>"; };
		EF8B064D283BEAC20050E726 /* ArtOceanUITests.xctest */ = {isa = PBXFileReference; explicitFileType = wrapper.cfbundle; includeInIndex = 0; path = ArtOceanUITests.xctest; sourceTree = BUILT_PRODUCTS_DIR; };
		EF8B0651283BEAC20050E726 /* ArtOceanUITests.swift */ = {isa = PBXFileReference; lastKnownFileType = sourcecode.swift; path = ArtOceanUITests.swift; sourceTree = "<group>"; };
		EF8B0653283BEAC20050E726 /* ArtOceanUITestsLaunchTests.swift */ = {isa = PBXFileReference; lastKnownFileType = sourcecode.swift; path = ArtOceanUITestsLaunchTests.swift; sourceTree = "<group>"; };
		EF8B0664283BED350050E726 /* HomeViewController.swift */ = {isa = PBXFileReference; lastKnownFileType = sourcecode.swift; path = HomeViewController.swift; sourceTree = "<group>"; };
		EF8B0667283BEF250050E726 /* UIColor.swift */ = {isa = PBXFileReference; lastKnownFileType = sourcecode.swift; path = UIColor.swift; sourceTree = "<group>"; };
		EF8B0669283BEFB90050E726 /* TabBarModel.swift */ = {isa = PBXFileReference; lastKnownFileType = sourcecode.swift; path = TabBarModel.swift; sourceTree = "<group>"; };
		EF8B066B283BF0E70050E726 /* ProfileViewController.swift */ = {isa = PBXFileReference; lastKnownFileType = sourcecode.swift; path = ProfileViewController.swift; sourceTree = "<group>"; };
		EF8B066D283BF0F10050E726 /* StatisticsViewController.swift */ = {isa = PBXFileReference; lastKnownFileType = sourcecode.swift; path = StatisticsViewController.swift; sourceTree = "<group>"; };
		EF8B0671283BFA6D0050E726 /* NFTArtCollection.swift */ = {isa = PBXFileReference; lastKnownFileType = sourcecode.swift; path = NFTArtCollection.swift; sourceTree = "<group>"; };
		EF8B0674283BFA900050E726 /* NFTArtCollectionLiveBidViewCell.swift */ = {isa = PBXFileReference; lastKnownFileType = sourcecode.swift; path = NFTArtCollectionLiveBidViewCell.swift; sourceTree = "<group>"; };
		EF8B0676283C20820050E726 /* UIImageView.swift */ = {isa = PBXFileReference; lastKnownFileType = sourcecode.swift; path = UIImageView.swift; sourceTree = "<group>"; };
		EF8B0679283C26120050E726 /* ImageDownloader.swift */ = {isa = PBXFileReference; lastKnownFileType = sourcecode.swift; path = ImageDownloader.swift; sourceTree = "<group>"; };
		EF8B067C283C27020050E726 /* AlchemyAPI.swift */ = {isa = PBXFileReference; lastKnownFileType = sourcecode.swift; path = AlchemyAPI.swift; sourceTree = "<group>"; };
		EF8B067E283C28960050E726 /* DataError.swift */ = {isa = PBXFileReference; lastKnownFileType = sourcecode.swift; path = DataError.swift; sourceTree = "<group>"; };
		EF8B0680283C2A180050E726 /* DataCache.swift */ = {isa = PBXFileReference; lastKnownFileType = sourcecode.swift; path = DataCache.swift; sourceTree = "<group>"; };
		EF8B0682283C2CA10050E726 /* AlchemyNFTDataModel.swift */ = {isa = PBXFileReference; lastKnownFileType = sourcecode.swift; path = AlchemyNFTDataModel.swift; sourceTree = "<group>"; };
		EF8B0684283C31560050E726 /* UIView.swift */ = {isa = PBXFileReference; lastKnownFileType = sourcecode.swift; path = UIView.swift; sourceTree = "<group>"; };
		EF8B0687283CCD4F0050E726 /* nft.json */ = {isa = PBXFileReference; fileEncoding = 4; lastKnownFileType = text.json; path = nft.json; sourceTree = "<group>"; };
		EF8B06A2283D0C700050E726 /* Satoshi-BoldItalic.otf */ = {isa = PBXFileReference; lastKnownFileType = file; path = "Satoshi-BoldItalic.otf"; sourceTree = "<group>"; };
		EF8B06A3283D0C700050E726 /* Satoshi-Black.otf */ = {isa = PBXFileReference; lastKnownFileType = file; path = "Satoshi-Black.otf"; sourceTree = "<group>"; };
		EF8B06A4283D0C700050E726 /* Satoshi-Medium.otf */ = {isa = PBXFileReference; lastKnownFileType = file; path = "Satoshi-Medium.otf"; sourceTree = "<group>"; };
		EF8B06A5283D0C700050E726 /* Satoshi-LightItalic.otf */ = {isa = PBXFileReference; lastKnownFileType = file; path = "Satoshi-LightItalic.otf"; sourceTree = "<group>"; };
		EF8B06A6283D0C710050E726 /* Satoshi-MediumItalic.otf */ = {isa = PBXFileReference; lastKnownFileType = file; path = "Satoshi-MediumItalic.otf"; sourceTree = "<group>"; };
		EF8B06A7283D0C710050E726 /* Satoshi-BlackItalic.otf */ = {isa = PBXFileReference; lastKnownFileType = file; path = "Satoshi-BlackItalic.otf"; sourceTree = "<group>"; };
		EF8B06A8283D0C710050E726 /* Satoshi-Italic.otf */ = {isa = PBXFileReference; lastKnownFileType = file; path = "Satoshi-Italic.otf"; sourceTree = "<group>"; };
		EF8B06A9283D0C710050E726 /* Satoshi-Regular.otf */ = {isa = PBXFileReference; lastKnownFileType = file; path = "Satoshi-Regular.otf"; sourceTree = "<group>"; };
		EF8B06AA283D0C710050E726 /* Satoshi-Bold.otf */ = {isa = PBXFileReference; lastKnownFileType = file; path = "Satoshi-Bold.otf"; sourceTree = "<group>"; };
		EF8B06AB283D0C710050E726 /* Satoshi-Light.otf */ = {isa = PBXFileReference; lastKnownFileType = file; path = "Satoshi-Light.otf"; sourceTree = "<group>"; };
		EF8B06CB283D5B4C0050E726 /* TopCollectionView.swift */ = {isa = PBXFileReference; lastKnownFileType = sourcecode.swift; path = TopCollectionView.swift; sourceTree = "<group>"; };
		EF8B06CF283D60EC0050E726 /* TopCollectionTableCellViewTableViewCell.swift */ = {isa = PBXFileReference; lastKnownFileType = sourcecode.swift; path = TopCollectionTableCellViewTableViewCell.swift; sourceTree = "<group>"; };
		EF8B06D4283E3A4B0050E726 /* LiveBidDetailView.swift */ = {isa = PBXFileReference; lastKnownFileType = sourcecode.swift; path = LiveBidDetailView.swift; sourceTree = "<group>"; };
		EF8B06D9283E77AA0050E726 /* ContainerHeaderView.swift */ = {isa = PBXFileReference; lastKnownFileType = sourcecode.swift; path = ContainerHeaderView.swift; sourceTree = "<group>"; };
		EF8B06DD283E7C2C0050E726 /* Container.swift */ = {isa = PBXFileReference; lastKnownFileType = sourcecode.swift; path = Container.swift; sourceTree = "<group>"; };
		EF8B07452840A8150050E726 /* UIViewController.swift */ = {isa = PBXFileReference; lastKnownFileType = sourcecode.swift; path = UIViewController.swift; sourceTree = "<group>"; };
		EF924CF4284CA454009E9C2A /* CustomSelectorCollectionView.swift */ = {isa = PBXFileReference; lastKnownFileType = sourcecode.swift; path = CustomSelectorCollectionView.swift; sourceTree = "<group>"; };
		EF924CF7284CE68B009E9C2A /* user.json */ = {isa = PBXFileReference; fileEncoding = 4; lastKnownFileType = text.json; path = user.json; sourceTree = "<group>"; };
		EFAB445928639BCF00B33864 /* ChartView.swift */ = {isa = PBXFileReference; lastKnownFileType = sourcecode.swift; path = ChartView.swift; sourceTree = "<group>"; };
		EFAB445B28639EEE00B33864 /* Array.swift */ = {isa = PBXFileReference; lastKnownFileType = sourcecode.swift; path = Array.swift; sourceTree = "<group>"; };
		EFAB445D2863A58A00B33864 /* CGPoint.swift */ = {isa = PBXFileReference; lastKnownFileType = sourcecode.swift; path = CGPoint.swift; sourceTree = "<group>"; };
		EFAB446028671EB600B33864 /* NFTPriceHistoryChartView.swift */ = {isa = PBXFileReference; lastKnownFileType = sourcecode.swift; path = NFTPriceHistoryChartView.swift; sourceTree = "<group>"; };
		EFAB44622867912F00B33864 /* StackContainer.swift */ = {isa = PBXFileReference; lastKnownFileType = sourcecode.swift; path = StackContainer.swift; sourceTree = "<group>"; };
		EFAB44652868684600B33864 /* SearchViewController.swift */ = {isa = PBXFileReference; lastKnownFileType = sourcecode.swift; path = SearchViewController.swift; sourceTree = "<group>"; };
		EFAB446728686DCE00B33864 /* CustomSearchBar.swift */ = {isa = PBXFileReference; lastKnownFileType = sourcecode.swift; path = CustomSearchBar.swift; sourceTree = "<group>"; };
		EFAB44692868840800B33864 /* UICollection.swift */ = {isa = PBXFileReference; lastKnownFileType = sourcecode.swift; path = UICollection.swift; sourceTree = "<group>"; };
		EFD13C1B2843E1BD000E422E /* CustomLabelButton.swift */ = {isa = PBXFileReference; lastKnownFileType = sourcecode.swift; path = CustomLabelButton.swift; sourceTree = "<group>"; };
		EFD13C1E2843EC0C000E422E /* NFTDetailViewController.swift */ = {isa = PBXFileReference; lastKnownFileType = sourcecode.swift; path = NFTDetailViewController.swift; sourceTree = "<group>"; };
		EFD13C202843ECB3000E422E /* CustomImageView.swift */ = {isa = PBXFileReference; lastKnownFileType = sourcecode.swift; path = CustomImageView.swift; sourceTree = "<group>"; };
		EFD13C222844196F000E422E /* NFTLiveBidCollectionProtocol.swift */ = {isa = PBXFileReference; lastKnownFileType = sourcecode.swift; path = NFTLiveBidCollectionProtocol.swift; sourceTree = "<group>"; };
		EFD13C2428442484000E422E /* CustomButton.swift */ = {isa = PBXFileReference; lastKnownFileType = sourcecode.swift; path = CustomButton.swift; sourceTree = "<group>"; };
		EFD13C262844CF4F000E422E /* NFTOfferTableView.swift */ = {isa = PBXFileReference; lastKnownFileType = sourcecode.swift; path = NFTOfferTableView.swift; sourceTree = "<group>"; };
		EFD13C282844CF80000E422E /* NFTOfferModel.swift */ = {isa = PBXFileReference; lastKnownFileType = sourcecode.swift; path = NFTOfferModel.swift; sourceTree = "<group>"; };
		EFD13C2A2844D560000E422E /* NFTOfferTableViewCell.swift */ = {isa = PBXFileReference; lastKnownFileType = sourcecode.swift; path = NFTOfferTableViewCell.swift; sourceTree = "<group>"; };
/* End PBXFileReference section */

/* Begin PBXFrameworksBuildPhase section */
		EF8B062A283BEAC10050E726 /* Frameworks */ = {
			isa = PBXFrameworksBuildPhase;
			buildActionMask = 2147483647;
			files = (
				EF527443284AC53A008C77EC /* SDWebImageMapKit in Frameworks */,
				EF527441284AC53A008C77EC /* SDWebImage in Frameworks */,
			);
			runOnlyForDeploymentPostprocessing = 0;
		};
		EF8B0640283BEAC10050E726 /* Frameworks */ = {
			isa = PBXFrameworksBuildPhase;
			buildActionMask = 2147483647;
			files = (
			);
			runOnlyForDeploymentPostprocessing = 0;
		};
		EF8B064A283BEAC20050E726 /* Frameworks */ = {
			isa = PBXFrameworksBuildPhase;
			buildActionMask = 2147483647;
			files = (
			);
			runOnlyForDeploymentPostprocessing = 0;
		};
/* End PBXFrameworksBuildPhase section */

/* Begin PBXGroup section */
		EF00F5BA2845398C003D8683 /* NFTArtTypes */ = {
			isa = PBXGroup;
			children = (
				EF00F5BB284539CE003D8683 /* NFTArtTypeCollection.swift */,
				EF00F5BD28453C30003D8683 /* NFTTypeCollectionCell.swift */,
			);
			path = NFTArtTypes;
			sourceTree = "<group>";
		};
		EF00F5C828465B5A003D8683 /* TopSeller */ = {
			isa = PBXGroup;
			children = (
				EF00F5CB28465DD7003D8683 /* TopSellerCollectionCell.swift */,
			);
			path = TopSeller;
			sourceTree = "<group>";
		};
		EF00F5D32847A544003D8683 /* Statistics */ = {
			isa = PBXGroup;
			children = (
				EF8B066D283BF0F10050E726 /* StatisticsViewController.swift */,
				EF00F5D6284805C1003D8683 /* StatisticCollectionView.swift */,
				EF00F5D42847A660003D8683 /* SliderSelectorView.swift */,
				EF7447BB284A300F00899476 /* PageViewController.swift */,
			);
			path = Statistics;
			sourceTree = "<group>";
		};
		EF00F5D82848BB4A003D8683 /* Accounts */ = {
			isa = PBXGroup;
			children = (
				EF00F5D92848BB6B003D8683 /* AccountsViewController.swift */,
				EF7447AD284902A300899476 /* AccountHeaderView.swift */,
				EF7447AF28495A8700899476 /* AccountMetrics.swift */,
			);
			path = Accounts;
			sourceTree = "<group>";
		};
		EF3259EF2880925E001B0CA6 /* CollectionViewDataSource */ = {
			isa = PBXGroup;
			children = (
				EF3259F02880925E001B0CA6 /* CollectionViewDataSource.swift */,
				EF3259F12880925E001B0CA6 /* CollectionColumn.swift */,
				EF3259F22880925E001B0CA6 /* UICollectionLayoutExtension.swift */,
				EF3259F32880925E001B0CA6 /* CollectionViewExtension.swift */,
				EF3C9A72289E81A8007F5200 /* CollectionSection.swift */,
			);
			path = CollectionViewDataSource;
			sourceTree = "<group>";
		};
		EF3259F42880925E001B0CA6 /* TableViewDataSource */ = {
			isa = PBXGroup;
			children = (
				EF3259F62880925E001B0CA6 /* CollectionView.swift */,
				EF3259F52880925E001B0CA6 /* TableRow.swift */,
				EF3259F72880925E001B0CA6 /* TableSection.swift */,
				EF3259F82880925E001B0CA6 /* TableView.swift */,
				EF7EAFB928A5956000FDFFD3 /* Float.swift */,
			);
			path = TableViewDataSource;
			sourceTree = "<group>";
		};
		EF3C9A7628A01E3E007F5200 /* Section */ = {
			isa = PBXGroup;
			children = (
				EF527491284BA4BD008C77EC /* SectionbasedData.swift */,
				EF3C9A7428A01E39007F5200 /* SectionTestData.swift */,
			);
			path = Section;
			sourceTree = "<group>";
		};
		EF69B6A82851574800ABDADA /* UserProfileView */ = {
			isa = PBXGroup;
			children = (
				EF69B6A92851575700ABDADA /* UserProfileViewController.swift */,
			);
			path = UserProfileView;
			sourceTree = "<group>";
		};
		EF69B6AB285299EB00ABDADA /* Profile */ = {
			isa = PBXGroup;
			children = (
				EF8B066B283BF0E70050E726 /* ProfileViewController.swift */,
				EF69B6AC28529FD000ABDADA /* FavoriteViewController.swift */,
				EF69B6AE2854965400ABDADA /* WalletDetailView.swift */,
				EF3259D0287C211B001B0CA6 /* ProfileHeaderView.swift */,
				EF7EAFAF28A1985300FDFFD3 /* SettingsViewController.swift */,
			);
			path = Profile;
			sourceTree = "<group>";
		};
		EF8B0624283BEAC10050E726 = {
			isa = PBXGroup;
			children = (
				EF8B062F283BEAC10050E726 /* ArtOcean */,
				EF8B0646283BEAC10050E726 /* ArtOceanTests */,
				EF8B0650283BEAC20050E726 /* ArtOceanUITests */,
				EF8B062E283BEAC10050E726 /* Products */,
			);
			sourceTree = "<group>";
		};
		EF8B062E283BEAC10050E726 /* Products */ = {
			isa = PBXGroup;
			children = (
				EF8B062D283BEAC10050E726 /* ArtOcean.app */,
				EF8B0643283BEAC10050E726 /* ArtOceanTests.xctest */,
				EF8B064D283BEAC20050E726 /* ArtOceanUITests.xctest */,
			);
			name = Products;
			sourceTree = "<group>";
		};
		EF8B062F283BEAC10050E726 /* ArtOcean */ = {
			isa = PBXGroup;
			children = (
				EF8B0689283CDEC50050E726 /* Fonts */,
				EF8B0686283CCD3D0050E726 /* StaticFiles */,
				EF8B067B283C26F60050E726 /* API */,
				EF8B0678283C26060050E726 /* Network */,
				EF8B0666283BEF190050E726 /* Extensions */,
				EF8B0663283BECEE0050E726 /* ViewModels */,
				EF8B0662283BECE80050E726 /* Models */,
				EF8B0661283BECE10050E726 /* Views */,
				EF8B0660283BECD60050E726 /* ViewController */,
				EF8B0630283BEAC10050E726 /* AppDelegate.swift */,
				EF8B0634283BEAC10050E726 /* MainTabViewController.swift */,
				EF8B0636283BEAC10050E726 /* Main.storyboard */,
				EF8B0639283BEAC10050E726 /* Assets.xcassets */,
				EF8B063B283BEAC10050E726 /* LaunchScreen.storyboard */,
				EF8B063E283BEAC10050E726 /* Info.plist */,
			);
			path = ArtOcean;
			sourceTree = "<group>";
		};
		EF8B0646283BEAC10050E726 /* ArtOceanTests */ = {
			isa = PBXGroup;
			children = (
				EF8B0647283BEAC10050E726 /* ArtOceanTests.swift */,
			);
			path = ArtOceanTests;
			sourceTree = "<group>";
		};
		EF8B0650283BEAC20050E726 /* ArtOceanUITests */ = {
			isa = PBXGroup;
			children = (
				EF8B0651283BEAC20050E726 /* ArtOceanUITests.swift */,
				EF8B0653283BEAC20050E726 /* ArtOceanUITestsLaunchTests.swift */,
			);
			path = ArtOceanUITests;
			sourceTree = "<group>";
		};
		EF8B0660283BECD60050E726 /* ViewController */ = {
			isa = PBXGroup;
			children = (
				EFAB44642868683800B33864 /* Search */,
				EF69B6AB285299EB00ABDADA /* Profile */,
				EF00F5D32847A544003D8683 /* Statistics */,
				EF8B06D3283E3A1F0050E726 /* Home */,
			);
			path = ViewController;
			sourceTree = "<group>";
		};
		EF8B0661283BECE10050E726 /* Views */ = {
			isa = PBXGroup;
			children = (
				EF69B6A82851574800ABDADA /* UserProfileView */,
				EF00F5D82848BB4A003D8683 /* Accounts */,
				EF00F5BA2845398C003D8683 /* NFTArtTypes */,
				EFD13C1D2843EBF8000E422E /* NFTDetailView */,
				EF8B06D8283E6F120050E726 /* CommonComponents */,
			);
			path = Views;
			sourceTree = "<group>";
		};
		EF8B0662283BECE80050E726 /* Models */ = {
			isa = PBXGroup;
			children = (
				EF3C9A7628A01E3E007F5200 /* Section */,
				EF8B0682283C2CA10050E726 /* AlchemyNFTDataModel.swift */,
				EFD13C282844CF80000E422E /* NFTOfferModel.swift */,
				EF7447B7284A109300899476 /* User.swift */,
				EF69B6B628550E3C00ABDADA /* TransactionModel.swift */,
			);
			path = Models;
			sourceTree = "<group>";
		};
		EF8B0663283BECEE0050E726 /* ViewModels */ = {
			isa = PBXGroup;
			children = (
				EF8B0669283BEFB90050E726 /* TabBarModel.swift */,
			);
			path = ViewModels;
			sourceTree = "<group>";
		};
		EF8B0666283BEF190050E726 /* Extensions */ = {
			isa = PBXGroup;
			children = (
				EF3259EF2880925E001B0CA6 /* CollectionViewDataSource */,
				EF3259F42880925E001B0CA6 /* TableViewDataSource */,
				EF8B0667283BEF250050E726 /* UIColor.swift */,
				EF3C9A70289B0E3D007F5200 /* UIImage.swift */,
				EF8B0676283C20820050E726 /* UIImageView.swift */,
				EF8B0684283C31560050E726 /* UIView.swift */,
				EF8B07452840A8150050E726 /* UIViewController.swift */,
				EF7447B5284A0F9F00899476 /* UICollectionView.swift */,
				EF527493284BECF4008C77EC /* Bundle.swift */,
				EF527497284C1E5B008C77EC /* NSCollectionLayout.swift */,
				EF69B6B428550D9F00ABDADA /* UITableViewCell.swift */,
				EFAB445B28639EEE00B33864 /* Array.swift */,
				EFAB445D2863A58A00B33864 /* CGPoint.swift */,
				EFAB44692868840800B33864 /* UICollection.swift */,
				EF018306287376F500064F60 /* Number.swift */,
				EF3BF927287813E80070CAE5 /* UIEdgeInsets.swift */,
				EF3BF92B287ACEBE0070CAE5 /* UILabel.swift */,
				EF3259D2287C2761001B0CA6 /* CGSize.swift */,
				EF3259D4287C79A2001B0CA6 /* CGFloat.swift */,
				EF325A012880A02F001B0CA6 /* NotificationCenter.Name.swift */,
				EF325A052880BFDA001B0CA6 /* Numeric.swift */,
				EF3C9A7728A04080007F5200 /* UIButton.swift */,
				EF7EAFB328A1998E00FDFFD3 /* String.swift */,
				EF7EAFB728A2EA4400FDFFD3 /* UIStackView.swift */,
			);
			path = Extensions;
			sourceTree = "<group>";
		};
		EF8B0673283BFA740050E726 /* NFTLiveBid */ = {
			isa = PBXGroup;
			children = (
				EF8B0671283BFA6D0050E726 /* NFTArtCollection.swift */,
				EF8B0674283BFA900050E726 /* NFTArtCollectionLiveBidViewCell.swift */,
				EFD13C222844196F000E422E /* NFTLiveBidCollectionProtocol.swift */,
				EF00F5C6284638E7003D8683 /* NFTArtCollectionViewCell.swift */,
				EF22D0CA285A378200555179 /* NFTLiveBidViewCellView.swift */,
			);
			path = NFTLiveBid;
			sourceTree = "<group>";
		};
		EF8B0678283C26060050E726 /* Network */ = {
			isa = PBXGroup;
			children = (
				EF8B0679283C26120050E726 /* ImageDownloader.swift */,
				EF8B067E283C28960050E726 /* DataError.swift */,
				EF8B0680283C2A180050E726 /* DataCache.swift */,
			);
			path = Network;
			sourceTree = "<group>";
		};
		EF8B067B283C26F60050E726 /* API */ = {
			isa = PBXGroup;
			children = (
				EF8B067C283C27020050E726 /* AlchemyAPI.swift */,
			);
			path = API;
			sourceTree = "<group>";
		};
		EF8B0686283CCD3D0050E726 /* StaticFiles */ = {
			isa = PBXGroup;
			children = (
				EF8B0687283CCD4F0050E726 /* nft.json */,
				EF924CF7284CE68B009E9C2A /* user.json */,
			);
			path = StaticFiles;
			sourceTree = "<group>";
		};
		EF8B0689283CDEC50050E726 /* Fonts */ = {
			isa = PBXGroup;
			children = (
				EF8B06A3283D0C700050E726 /* Satoshi-Black.otf */,
				EF8B06A7283D0C710050E726 /* Satoshi-BlackItalic.otf */,
				EF8B06AA283D0C710050E726 /* Satoshi-Bold.otf */,
				EF8B06A2283D0C700050E726 /* Satoshi-BoldItalic.otf */,
				EF8B06A8283D0C710050E726 /* Satoshi-Italic.otf */,
				EF8B06AB283D0C710050E726 /* Satoshi-Light.otf */,
				EF8B06A5283D0C700050E726 /* Satoshi-LightItalic.otf */,
				EF8B06A4283D0C700050E726 /* Satoshi-Medium.otf */,
				EF8B06A6283D0C710050E726 /* Satoshi-MediumItalic.otf */,
				EF8B06A9283D0C710050E726 /* Satoshi-Regular.otf */,
			);
			path = Fonts;
			sourceTree = "<group>";
		};
		EF8B06CA283D58F80050E726 /* TopCollection */ = {
			isa = PBXGroup;
			children = (
				EF8B06CB283D5B4C0050E726 /* TopCollectionView.swift */,
				EF8B06CF283D60EC0050E726 /* TopCollectionTableCellViewTableViewCell.swift */,
			);
			path = TopCollection;
			sourceTree = "<group>";
		};
		EF8B06D3283E3A1F0050E726 /* Home */ = {
			isa = PBXGroup;
			children = (
				EF00F5C828465B5A003D8683 /* TopSeller */,
				EF8B06CA283D58F80050E726 /* TopCollection */,
				EF8B0673283BFA740050E726 /* NFTLiveBid */,
				EF8B0664283BED350050E726 /* HomeViewController.swift */,
				EF8B06D4283E3A4B0050E726 /* LiveBidDetailView.swift */,
			);
			path = Home;
			sourceTree = "<group>";
		};
		EF8B06D8283E6F120050E726 /* CommonComponents */ = {
			isa = PBXGroup;
			children = (
				EF7447B1284A0F5800899476 /* RankingCollectionViewCell.swift */,
				EF7447B3284A0F8000899476 /* ActivityCollectionViewCell.swift */,
				EF8B06D9283E77AA0050E726 /* ContainerHeaderView.swift */,
				EF8B06DD283E7C2C0050E726 /* Container.swift */,
				EFD13C1B2843E1BD000E422E /* CustomLabelButton.swift */,
				EFD13C202843ECB3000E422E /* CustomImageView.swift */,
				EFD13C2428442484000E422E /* CustomButton.swift */,
				EF00F5CF2846D460003D8683 /* CustomLabel.swift */,
				EF7447BD284A5B2600899476 /* CustomPageSelectorViewController.swift */,
				EF527495284C0608008C77EC /* CustomComplexCollectionView.swift */,
				EF924CF4284CA454009E9C2A /* CustomSelectorCollectionView.swift */,
				EF358376284D371C00783D75 /* StretchyHeaderView.swift */,
				EF69B6B02854C11E00ABDADA /* StackedButtons.swift */,
				EF69B6B228550CC100ABDADA /* TransactionCell.swift */,
				EF69B6B828562D5700ABDADA /* CustomAnimatedImage.swift */,
				EF22D0CC285A714F00555179 /* CustomTableViewCell.swift */,
				EFAB445928639BCF00B33864 /* ChartView.swift */,
				EFAB44622867912F00B33864 /* StackContainer.swift */,
				EFAB446728686DCE00B33864 /* CustomSearchBar.swift */,
				EF7EAFB128A198E900FDFFD3 /* HeaderCaptionLabel.swift */,
				EF7EAFB528A2E7F400FDFFD3 /* CustomInfoButton.swift */,
			);
			path = CommonComponents;
			sourceTree = "<group>";
		};
		EFAB44642868683800B33864 /* Search */ = {
			isa = PBXGroup;
			children = (
				EFAB44652868684600B33864 /* SearchViewController.swift */,
			);
			path = Search;
			sourceTree = "<group>";
		};
		EFD13C1D2843EBF8000E422E /* NFTDetailView */ = {
			isa = PBXGroup;
			children = (
				EFD13C1E2843EC0C000E422E /* NFTDetailViewController.swift */,
				EFD13C262844CF4F000E422E /* NFTOfferTableView.swift */,
				EFD13C2A2844D560000E422E /* NFTOfferTableViewCell.swift */,
				EF00F5B62844F4A7003D8683 /* NFTBiddingModal.swift */,
				EF00F5B82845088F003D8683 /* NFTBidController.swift */,
				EF00F5CD2846D2AB003D8683 /* NFTDetailHeroHeaderSection.swift */,
				EF00F5D12846D781003D8683 /* NFTArtInteractiveInfoView.swift */,
				EF480E0E285F85D400FC0F3F /* NFTAttributeCell.swift */,
				EFAB446028671EB600B33864 /* NFTPriceHistoryChartView.swift */,
				EF3B4D50287073E400DD57DB /* NFTArtIntroductionView.swift */,
				EF3BF929287AB3D10070CAE5 /* NFTAttributeView.swift */,
				EF3C9A6E28999F6A007F5200 /* NFTLiveBidNavHeader.swift */,
			);
			path = NFTDetailView;
			sourceTree = "<group>";
		};
/* End PBXGroup section */

/* Begin PBXNativeTarget section */
		EF8B062C283BEAC10050E726 /* ArtOcean */ = {
			isa = PBXNativeTarget;
			buildConfigurationList = EF8B0657283BEAC20050E726 /* Build configuration list for PBXNativeTarget "ArtOcean" */;
			buildPhases = (
				EF8B0629283BEAC10050E726 /* Sources */,
				EF8B062A283BEAC10050E726 /* Frameworks */,
				EF8B062B283BEAC10050E726 /* Resources */,
			);
			buildRules = (
			);
			dependencies = (
			);
			name = ArtOcean;
			packageProductDependencies = (
				EF527440284AC53A008C77EC /* SDWebImage */,
				EF527442284AC53A008C77EC /* SDWebImageMapKit */,
			);
			productName = ArtOcean;
			productReference = EF8B062D283BEAC10050E726 /* ArtOcean.app */;
			productType = "com.apple.product-type.application";
		};
		EF8B0642283BEAC10050E726 /* ArtOceanTests */ = {
			isa = PBXNativeTarget;
			buildConfigurationList = EF8B065A283BEAC20050E726 /* Build configuration list for PBXNativeTarget "ArtOceanTests" */;
			buildPhases = (
				EF8B063F283BEAC10050E726 /* Sources */,
				EF8B0640283BEAC10050E726 /* Frameworks */,
				EF8B0641283BEAC10050E726 /* Resources */,
			);
			buildRules = (
			);
			dependencies = (
				EF8B0645283BEAC10050E726 /* PBXTargetDependency */,
			);
			name = ArtOceanTests;
			productName = ArtOceanTests;
			productReference = EF8B0643283BEAC10050E726 /* ArtOceanTests.xctest */;
			productType = "com.apple.product-type.bundle.unit-test";
		};
		EF8B064C283BEAC20050E726 /* ArtOceanUITests */ = {
			isa = PBXNativeTarget;
			buildConfigurationList = EF8B065D283BEAC20050E726 /* Build configuration list for PBXNativeTarget "ArtOceanUITests" */;
			buildPhases = (
				EF8B0649283BEAC20050E726 /* Sources */,
				EF8B064A283BEAC20050E726 /* Frameworks */,
				EF8B064B283BEAC20050E726 /* Resources */,
			);
			buildRules = (
			);
			dependencies = (
				EF8B064F283BEAC20050E726 /* PBXTargetDependency */,
			);
			name = ArtOceanUITests;
			productName = ArtOceanUITests;
			productReference = EF8B064D283BEAC20050E726 /* ArtOceanUITests.xctest */;
			productType = "com.apple.product-type.bundle.ui-testing";
		};
/* End PBXNativeTarget section */

/* Begin PBXProject section */
		EF8B0625283BEAC10050E726 /* Project object */ = {
			isa = PBXProject;
			attributes = {
				BuildIndependentTargetsInParallel = 1;
				LastSwiftUpdateCheck = 1330;
				LastUpgradeCheck = 1330;
				TargetAttributes = {
					EF8B062C283BEAC10050E726 = {
						CreatedOnToolsVersion = 13.3.1;
					};
					EF8B0642283BEAC10050E726 = {
						CreatedOnToolsVersion = 13.3.1;
						TestTargetID = EF8B062C283BEAC10050E726;
					};
					EF8B064C283BEAC20050E726 = {
						CreatedOnToolsVersion = 13.3.1;
						TestTargetID = EF8B062C283BEAC10050E726;
					};
				};
			};
			buildConfigurationList = EF8B0628283BEAC10050E726 /* Build configuration list for PBXProject "ArtOcean" */;
			compatibilityVersion = "Xcode 13.0";
			developmentRegion = en;
			hasScannedForEncodings = 0;
			knownRegions = (
				en,
				Base,
			);
			mainGroup = EF8B0624283BEAC10050E726;
			packageReferences = (
				EF52743F284AC53A008C77EC /* XCRemoteSwiftPackageReference "SDWebImage" */,
			);
			productRefGroup = EF8B062E283BEAC10050E726 /* Products */;
			projectDirPath = "";
			projectRoot = "";
			targets = (
				EF8B062C283BEAC10050E726 /* ArtOcean */,
				EF8B0642283BEAC10050E726 /* ArtOceanTests */,
				EF8B064C283BEAC20050E726 /* ArtOceanUITests */,
			);
		};
/* End PBXProject section */

/* Begin PBXResourcesBuildPhase section */
		EF8B062B283BEAC10050E726 /* Resources */ = {
			isa = PBXResourcesBuildPhase;
			buildActionMask = 2147483647;
			files = (
				EF8B06C7283D0C710050E726 /* Satoshi-Light.otf in Resources */,
				EF8B0688283CCD4F0050E726 /* nft.json in Resources */,
				EF8B06AF283D0C710050E726 /* Satoshi-Black.otf in Resources */,
				EF8B06B2283D0C710050E726 /* Satoshi-Medium.otf in Resources */,
				EF8B06AC283D0C710050E726 /* Satoshi-BoldItalic.otf in Resources */,
				EF8B06B5283D0C710050E726 /* Satoshi-LightItalic.otf in Resources */,
				EF8B06BB283D0C710050E726 /* Satoshi-BlackItalic.otf in Resources */,
				EF8B06C4283D0C710050E726 /* Satoshi-Bold.otf in Resources */,
				EF8B063D283BEAC10050E726 /* LaunchScreen.storyboard in Resources */,
				EF924CF8284CE68B009E9C2A /* user.json in Resources */,
				EF8B06B8283D0C710050E726 /* Satoshi-MediumItalic.otf in Resources */,
				EF8B06C1283D0C710050E726 /* Satoshi-Regular.otf in Resources */,
				EF8B06BE283D0C710050E726 /* Satoshi-Italic.otf in Resources */,
				EF8B063A283BEAC10050E726 /* Assets.xcassets in Resources */,
				EF8B0638283BEAC10050E726 /* Main.storyboard in Resources */,
			);
			runOnlyForDeploymentPostprocessing = 0;
		};
		EF8B0641283BEAC10050E726 /* Resources */ = {
			isa = PBXResourcesBuildPhase;
			buildActionMask = 2147483647;
			files = (
				EF8B06C5283D0C710050E726 /* Satoshi-Bold.otf in Resources */,
				EF8B06B6283D0C710050E726 /* Satoshi-LightItalic.otf in Resources */,
				EF8B06BC283D0C710050E726 /* Satoshi-BlackItalic.otf in Resources */,
				EF8B06AD283D0C710050E726 /* Satoshi-BoldItalic.otf in Resources */,
				EF8B06BF283D0C710050E726 /* Satoshi-Italic.otf in Resources */,
				EF8B06C2283D0C710050E726 /* Satoshi-Regular.otf in Resources */,
				EF8B06B9283D0C710050E726 /* Satoshi-MediumItalic.otf in Resources */,
				EF8B06B0283D0C710050E726 /* Satoshi-Black.otf in Resources */,
				EF8B06C8283D0C710050E726 /* Satoshi-Light.otf in Resources */,
				EF8B06B3283D0C710050E726 /* Satoshi-Medium.otf in Resources */,
			);
			runOnlyForDeploymentPostprocessing = 0;
		};
		EF8B064B283BEAC20050E726 /* Resources */ = {
			isa = PBXResourcesBuildPhase;
			buildActionMask = 2147483647;
			files = (
				EF8B06C6283D0C710050E726 /* Satoshi-Bold.otf in Resources */,
				EF8B06B7283D0C710050E726 /* Satoshi-LightItalic.otf in Resources */,
				EF8B06BD283D0C710050E726 /* Satoshi-BlackItalic.otf in Resources */,
				EF8B06AE283D0C710050E726 /* Satoshi-BoldItalic.otf in Resources */,
				EF8B06C0283D0C710050E726 /* Satoshi-Italic.otf in Resources */,
				EF8B06C3283D0C710050E726 /* Satoshi-Regular.otf in Resources */,
				EF8B06BA283D0C710050E726 /* Satoshi-MediumItalic.otf in Resources */,
				EF8B06B1283D0C710050E726 /* Satoshi-Black.otf in Resources */,
				EF8B06C9283D0C710050E726 /* Satoshi-Light.otf in Resources */,
				EF8B06B4283D0C710050E726 /* Satoshi-Medium.otf in Resources */,
			);
			runOnlyForDeploymentPostprocessing = 0;
		};
/* End PBXResourcesBuildPhase section */

/* Begin PBXSourcesBuildPhase section */
		EF8B0629283BEAC10050E726 /* Sources */ = {
			isa = PBXSourcesBuildPhase;
			buildActionMask = 2147483647;
			files = (
				EF3259FF2880925F001B0CA6 /* TableSection.swift in Sources */,
				EFD13C2B2844D560000E422E /* NFTOfferTableViewCell.swift in Sources */,
				EFD13C272844CF4F000E422E /* NFTOfferTableView.swift in Sources */,
				EF3B4D51287073E400DD57DB /* NFTArtIntroductionView.swift in Sources */,
				EF69B6AF2854965400ABDADA /* WalletDetailView.swift in Sources */,
				EF3259FC2880925F001B0CA6 /* CollectionViewExtension.swift in Sources */,
				EFAB445A28639BCF00B33864 /* ChartView.swift in Sources */,
				EFAB445E2863A58A00B33864 /* CGPoint.swift in Sources */,
				EF8B067F283C28960050E726 /* DataError.swift in Sources */,
				EF8B0635283BEAC10050E726 /* MainTabViewController.swift in Sources */,
				EF8B0631283BEAC10050E726 /* AppDelegate.swift in Sources */,
				EF8B067A283C26120050E726 /* ImageDownloader.swift in Sources */,
				EF8B06DA283E77AA0050E726 /* ContainerHeaderView.swift in Sources */,
				EFD13C292844CF80000E422E /* NFTOfferModel.swift in Sources */,
				EF8B07462840A8150050E726 /* UIViewController.swift in Sources */,
				EF7447B028495A8700899476 /* AccountMetrics.swift in Sources */,
				EF7EAFB628A2E7F400FDFFD3 /* CustomInfoButton.swift in Sources */,
				EF3C9A71289B0E3D007F5200 /* UIImage.swift in Sources */,
				EFAB44662868684600B33864 /* SearchViewController.swift in Sources */,
				EF3C9A7528A01E39007F5200 /* SectionTestData.swift in Sources */,
				EF00F5BC284539CE003D8683 /* NFTArtTypeCollection.swift in Sources */,
				EF69B6B328550CC100ABDADA /* TransactionCell.swift in Sources */,
				EF69B6AA2851575700ABDADA /* UserProfileViewController.swift in Sources */,
				EF018307287376F500064F60 /* Number.swift in Sources */,
				EF7447BE284A5B2600899476 /* CustomPageSelectorViewController.swift in Sources */,
				EF69B6B528550D9F00ABDADA /* UITableViewCell.swift in Sources */,
				EF527498284C1E5B008C77EC /* NSCollectionLayout.swift in Sources */,
				EF22D0CB285A378200555179 /* NFTLiveBidViewCellView.swift in Sources */,
				EF325A062880BFDA001B0CA6 /* Numeric.swift in Sources */,
				EF69B6B12854C11E00ABDADA /* StackedButtons.swift in Sources */,
				EFAB446A2868840800B33864 /* UICollection.swift in Sources */,
				EF7EAFB228A198E900FDFFD3 /* HeaderCaptionLabel.swift in Sources */,
				EF325A022880A02F001B0CA6 /* NotificationCenter.Name.swift in Sources */,
				EF00F5D7284805C1003D8683 /* StatisticCollectionView.swift in Sources */,
				EF3259FA2880925F001B0CA6 /* CollectionColumn.swift in Sources */,
				EF3C9A6F28999F6A007F5200 /* NFTLiveBidNavHeader.swift in Sources */,
				EF7447B4284A0F8000899476 /* ActivityCollectionViewCell.swift in Sources */,
				EF7EAFB028A1985300FDFFD3 /* SettingsViewController.swift in Sources */,
				EF8B0677283C20820050E726 /* UIImageView.swift in Sources */,
				EFD13C232844196F000E422E /* NFTLiveBidCollectionProtocol.swift in Sources */,
				EF3BF92A287AB3D10070CAE5 /* NFTAttributeView.swift in Sources */,
				EF3259D5287C79A2001B0CA6 /* CGFloat.swift in Sources */,
				EF8B066E283BF0F10050E726 /* StatisticsViewController.swift in Sources */,
				EF22D0CD285A714F00555179 /* CustomTableViewCell.swift in Sources */,
				EF3259FE2880925F001B0CA6 /* CollectionView.swift in Sources */,
				EF527494284BECF4008C77EC /* Bundle.swift in Sources */,
				EF358377284D371C00783D75 /* StretchyHeaderView.swift in Sources */,
				EF8B0681283C2A180050E726 /* DataCache.swift in Sources */,
				EFAB446828686DCE00B33864 /* CustomSearchBar.swift in Sources */,
				EFAB446128671EB600B33864 /* NFTPriceHistoryChartView.swift in Sources */,
				EF8B0672283BFA6D0050E726 /* NFTArtCollection.swift in Sources */,
				EF00F5B92845088F003D8683 /* NFTBidController.swift in Sources */,
				EF8B066A283BEFB90050E726 /* TabBarModel.swift in Sources */,
				EF7447B2284A0F5800899476 /* RankingCollectionViewCell.swift in Sources */,
				EF7447B6284A0F9F00899476 /* UICollectionView.swift in Sources */,
				EF527492284BA4BD008C77EC /* SectionbasedData.swift in Sources */,
				EF00F5CE2846D2AB003D8683 /* NFTDetailHeroHeaderSection.swift in Sources */,
				EF480E0F285F85D400FC0F3F /* NFTAttributeCell.swift in Sources */,
				EF8B06D5283E3A4B0050E726 /* LiveBidDetailView.swift in Sources */,
				EF8B066C283BF0E70050E726 /* ProfileViewController.swift in Sources */,
				EFAB445C28639EEE00B33864 /* Array.swift in Sources */,
				EFAB44632867912F00B33864 /* StackContainer.swift in Sources */,
				EF7447AE284902A300899476 /* AccountHeaderView.swift in Sources */,
				EF69B6AD28529FD000ABDADA /* FavoriteViewController.swift in Sources */,
				EF7EAFB828A2EA4400FDFFD3 /* UIStackView.swift in Sources */,
				EF7447B8284A109300899476 /* User.swift in Sources */,
				EF8B067D283C27020050E726 /* AlchemyAPI.swift in Sources */,
				EF8B06D0283D60EC0050E726 /* TopCollectionTableCellViewTableViewCell.swift in Sources */,
				EF3BF92C287ACEBE0070CAE5 /* UILabel.swift in Sources */,
				EF8B0665283BED350050E726 /* HomeViewController.swift in Sources */,
				EF00F5DA2848BB6B003D8683 /* AccountsViewController.swift in Sources */,
				EF3C9A7828A04080007F5200 /* UIButton.swift in Sources */,
				EF00F5C7284638E7003D8683 /* NFTArtCollectionViewCell.swift in Sources */,
				EF3259F92880925F001B0CA6 /* CollectionViewDataSource.swift in Sources */,
				EF3259D3287C2761001B0CA6 /* CGSize.swift in Sources */,
				EF69B6B928562D5700ABDADA /* CustomAnimatedImage.swift in Sources */,
				EF3259D1287C211B001B0CA6 /* ProfileHeaderView.swift in Sources */,
				EF7EAFB428A1998E00FDFFD3 /* String.swift in Sources */,
				EF8B06CC283D5B4C0050E726 /* TopCollectionView.swift in Sources */,
				EF527496284C0608008C77EC /* CustomComplexCollectionView.swift in Sources */,
				EF924CF5284CA454009E9C2A /* CustomSelectorCollectionView.swift in Sources */,
				EF00F5CC28465DD7003D8683 /* TopSellerCollectionCell.swift in Sources */,
				EF00F5D22846D781003D8683 /* NFTArtInteractiveInfoView.swift in Sources */,
				EF3BF928287813E80070CAE5 /* UIEdgeInsets.swift in Sources */,
				EF00F5B72844F4A7003D8683 /* NFTBiddingModal.swift in Sources */,
				EF00F5D52847A660003D8683 /* SliderSelectorView.swift in Sources */,
				EF8B0683283C2CA10050E726 /* AlchemyNFTDataModel.swift in Sources */,
				EF8B06DE283E7C2C0050E726 /* Container.swift in Sources */,
				EF00F5D02846D460003D8683 /* CustomLabel.swift in Sources */,
				EF7447BC284A300F00899476 /* PageViewController.swift in Sources */,
				EF3C9A73289E81A8007F5200 /* CollectionSection.swift in Sources */,
				EFD13C1C2843E1BD000E422E /* CustomLabelButton.swift in Sources */,
				EF325A002880925F001B0CA6 /* TableView.swift in Sources */,
				EF8B0675283BFA900050E726 /* NFTArtCollectionLiveBidViewCell.swift in Sources */,
				EF8B0685283C31560050E726 /* UIView.swift in Sources */,
				EFD13C1F2843EC0C000E422E /* NFTDetailViewController.swift in Sources */,
				EF3259FD2880925F001B0CA6 /* TableRow.swift in Sources */,
				EF69B6B728550E3C00ABDADA /* TransactionModel.swift in Sources */,
				EF3259FB2880925F001B0CA6 /* UICollectionLayoutExtension.swift in Sources */,
				EFD13C2528442484000E422E /* CustomButton.swift in Sources */,
				EF7EAFBA28A5956000FDFFD3 /* Float.swift in Sources */,
				EF8B0668283BEF250050E726 /* UIColor.swift in Sources */,
				EF00F5BE28453C30003D8683 /* NFTTypeCollectionCell.swift in Sources */,
				EFD13C212843ECB3000E422E /* CustomImageView.swift in Sources */,
			);
			runOnlyForDeploymentPostprocessing = 0;
		};
		EF8B063F283BEAC10050E726 /* Sources */ = {
			isa = PBXSourcesBuildPhase;
			buildActionMask = 2147483647;
			files = (
				EF8B07472840A8150050E726 /* UIViewController.swift in Sources */,
				EF8B06CD283D5B4C0050E726 /* TopCollectionView.swift in Sources */,
				EF8B06DF283E7C2C0050E726 /* Container.swift in Sources */,
				EF8B06D1283D60EC0050E726 /* TopCollectionTableCellViewTableViewCell.swift in Sources */,
				EF8B0648283BEAC10050E726 /* ArtOceanTests.swift in Sources */,
				EF8B06D6283E3A4B0050E726 /* LiveBidDetailView.swift in Sources */,
				EF8B06DB283E77AA0050E726 /* ContainerHeaderView.swift in Sources */,
			);
			runOnlyForDeploymentPostprocessing = 0;
		};
		EF8B0649283BEAC20050E726 /* Sources */ = {
			isa = PBXSourcesBuildPhase;
			buildActionMask = 2147483647;
			files = (
				EF8B0654283BEAC20050E726 /* ArtOceanUITestsLaunchTests.swift in Sources */,
				EF8B06D2283D60EC0050E726 /* TopCollectionTableCellViewTableViewCell.swift in Sources */,
				EF8B06D7283E3A4B0050E726 /* LiveBidDetailView.swift in Sources */,
				EF8B0652283BEAC20050E726 /* ArtOceanUITests.swift in Sources */,
				EF8B06E0283E7C2C0050E726 /* Container.swift in Sources */,
				EF8B06CE283D5B4C0050E726 /* TopCollectionView.swift in Sources */,
				EF8B07482840A8150050E726 /* UIViewController.swift in Sources */,
				EF8B06DC283E77AA0050E726 /* ContainerHeaderView.swift in Sources */,
			);
			runOnlyForDeploymentPostprocessing = 0;
		};
/* End PBXSourcesBuildPhase section */

/* Begin PBXTargetDependency section */
		EF8B0645283BEAC10050E726 /* PBXTargetDependency */ = {
			isa = PBXTargetDependency;
			target = EF8B062C283BEAC10050E726 /* ArtOcean */;
			targetProxy = EF8B0644283BEAC10050E726 /* PBXContainerItemProxy */;
		};
		EF8B064F283BEAC20050E726 /* PBXTargetDependency */ = {
			isa = PBXTargetDependency;
			target = EF8B062C283BEAC10050E726 /* ArtOcean */;
			targetProxy = EF8B064E283BEAC20050E726 /* PBXContainerItemProxy */;
		};
/* End PBXTargetDependency section */

/* Begin PBXVariantGroup section */
		EF8B0636283BEAC10050E726 /* Main.storyboard */ = {
			isa = PBXVariantGroup;
			children = (
				EF8B0637283BEAC10050E726 /* Base */,
			);
			name = Main.storyboard;
			sourceTree = "<group>";
		};
		EF8B063B283BEAC10050E726 /* LaunchScreen.storyboard */ = {
			isa = PBXVariantGroup;
			children = (
				EF8B063C283BEAC10050E726 /* Base */,
			);
			name = LaunchScreen.storyboard;
			sourceTree = "<group>";
		};
/* End PBXVariantGroup section */

/* Begin XCBuildConfiguration section */
		EF8B0655283BEAC20050E726 /* Debug */ = {
			isa = XCBuildConfiguration;
			buildSettings = {
				ALWAYS_SEARCH_USER_PATHS = NO;
				CLANG_ANALYZER_NONNULL = YES;
				CLANG_ANALYZER_NUMBER_OBJECT_CONVERSION = YES_AGGRESSIVE;
				CLANG_CXX_LANGUAGE_STANDARD = "gnu++17";
				CLANG_ENABLE_MODULES = YES;
				CLANG_ENABLE_OBJC_ARC = YES;
				CLANG_ENABLE_OBJC_WEAK = YES;
				CLANG_WARN_BLOCK_CAPTURE_AUTORELEASING = YES;
				CLANG_WARN_BOOL_CONVERSION = YES;
				CLANG_WARN_COMMA = YES;
				CLANG_WARN_CONSTANT_CONVERSION = YES;
				CLANG_WARN_DEPRECATED_OBJC_IMPLEMENTATIONS = YES;
				CLANG_WARN_DIRECT_OBJC_ISA_USAGE = YES_ERROR;
				CLANG_WARN_DOCUMENTATION_COMMENTS = YES;
				CLANG_WARN_EMPTY_BODY = YES;
				CLANG_WARN_ENUM_CONVERSION = YES;
				CLANG_WARN_INFINITE_RECURSION = YES;
				CLANG_WARN_INT_CONVERSION = YES;
				CLANG_WARN_NON_LITERAL_NULL_CONVERSION = YES;
				CLANG_WARN_OBJC_IMPLICIT_RETAIN_SELF = YES;
				CLANG_WARN_OBJC_LITERAL_CONVERSION = YES;
				CLANG_WARN_OBJC_ROOT_CLASS = YES_ERROR;
				CLANG_WARN_QUOTED_INCLUDE_IN_FRAMEWORK_HEADER = YES;
				CLANG_WARN_RANGE_LOOP_ANALYSIS = YES;
				CLANG_WARN_STRICT_PROTOTYPES = YES;
				CLANG_WARN_SUSPICIOUS_MOVE = YES;
				CLANG_WARN_UNGUARDED_AVAILABILITY = YES_AGGRESSIVE;
				CLANG_WARN_UNREACHABLE_CODE = YES;
				CLANG_WARN__DUPLICATE_METHOD_MATCH = YES;
				COPY_PHASE_STRIP = NO;
				DEBUG_INFORMATION_FORMAT = dwarf;
				ENABLE_STRICT_OBJC_MSGSEND = YES;
				ENABLE_TESTABILITY = YES;
				GCC_C_LANGUAGE_STANDARD = gnu11;
				GCC_DYNAMIC_NO_PIC = NO;
				GCC_NO_COMMON_BLOCKS = YES;
				GCC_OPTIMIZATION_LEVEL = 0;
				GCC_PREPROCESSOR_DEFINITIONS = (
					"DEBUG=1",
					"$(inherited)",
				);
				GCC_WARN_64_TO_32_BIT_CONVERSION = YES;
				GCC_WARN_ABOUT_RETURN_TYPE = YES_ERROR;
				GCC_WARN_UNDECLARED_SELECTOR = YES;
				GCC_WARN_UNINITIALIZED_AUTOS = YES_AGGRESSIVE;
				GCC_WARN_UNUSED_FUNCTION = YES;
				GCC_WARN_UNUSED_VARIABLE = YES;
				IPHONEOS_DEPLOYMENT_TARGET = 15.4;
				MTL_ENABLE_DEBUG_INFO = INCLUDE_SOURCE;
				MTL_FAST_MATH = YES;
				ONLY_ACTIVE_ARCH = YES;
				SDKROOT = iphoneos;
				SWIFT_ACTIVE_COMPILATION_CONDITIONS = DEBUG;
				SWIFT_OPTIMIZATION_LEVEL = "-Onone";
			};
			name = Debug;
		};
		EF8B0656283BEAC20050E726 /* Release */ = {
			isa = XCBuildConfiguration;
			buildSettings = {
				ALWAYS_SEARCH_USER_PATHS = NO;
				CLANG_ANALYZER_NONNULL = YES;
				CLANG_ANALYZER_NUMBER_OBJECT_CONVERSION = YES_AGGRESSIVE;
				CLANG_CXX_LANGUAGE_STANDARD = "gnu++17";
				CLANG_ENABLE_MODULES = YES;
				CLANG_ENABLE_OBJC_ARC = YES;
				CLANG_ENABLE_OBJC_WEAK = YES;
				CLANG_WARN_BLOCK_CAPTURE_AUTORELEASING = YES;
				CLANG_WARN_BOOL_CONVERSION = YES;
				CLANG_WARN_COMMA = YES;
				CLANG_WARN_CONSTANT_CONVERSION = YES;
				CLANG_WARN_DEPRECATED_OBJC_IMPLEMENTATIONS = YES;
				CLANG_WARN_DIRECT_OBJC_ISA_USAGE = YES_ERROR;
				CLANG_WARN_DOCUMENTATION_COMMENTS = YES;
				CLANG_WARN_EMPTY_BODY = YES;
				CLANG_WARN_ENUM_CONVERSION = YES;
				CLANG_WARN_INFINITE_RECURSION = YES;
				CLANG_WARN_INT_CONVERSION = YES;
				CLANG_WARN_NON_LITERAL_NULL_CONVERSION = YES;
				CLANG_WARN_OBJC_IMPLICIT_RETAIN_SELF = YES;
				CLANG_WARN_OBJC_LITERAL_CONVERSION = YES;
				CLANG_WARN_OBJC_ROOT_CLASS = YES_ERROR;
				CLANG_WARN_QUOTED_INCLUDE_IN_FRAMEWORK_HEADER = YES;
				CLANG_WARN_RANGE_LOOP_ANALYSIS = YES;
				CLANG_WARN_STRICT_PROTOTYPES = YES;
				CLANG_WARN_SUSPICIOUS_MOVE = YES;
				CLANG_WARN_UNGUARDED_AVAILABILITY = YES_AGGRESSIVE;
				CLANG_WARN_UNREACHABLE_CODE = YES;
				CLANG_WARN__DUPLICATE_METHOD_MATCH = YES;
				COPY_PHASE_STRIP = NO;
				DEBUG_INFORMATION_FORMAT = "dwarf-with-dsym";
				ENABLE_NS_ASSERTIONS = NO;
				ENABLE_STRICT_OBJC_MSGSEND = YES;
				GCC_C_LANGUAGE_STANDARD = gnu11;
				GCC_NO_COMMON_BLOCKS = YES;
				GCC_WARN_64_TO_32_BIT_CONVERSION = YES;
				GCC_WARN_ABOUT_RETURN_TYPE = YES_ERROR;
				GCC_WARN_UNDECLARED_SELECTOR = YES;
				GCC_WARN_UNINITIALIZED_AUTOS = YES_AGGRESSIVE;
				GCC_WARN_UNUSED_FUNCTION = YES;
				GCC_WARN_UNUSED_VARIABLE = YES;
				IPHONEOS_DEPLOYMENT_TARGET = 15.4;
				MTL_ENABLE_DEBUG_INFO = NO;
				MTL_FAST_MATH = YES;
				SDKROOT = iphoneos;
				SWIFT_COMPILATION_MODE = wholemodule;
				SWIFT_OPTIMIZATION_LEVEL = "-O";
				VALIDATE_PRODUCT = YES;
			};
			name = Release;
		};
		EF8B0658283BEAC20050E726 /* Debug */ = {
			isa = XCBuildConfiguration;
			buildSettings = {
				ASSETCATALOG_COMPILER_APPICON_NAME = AppIcon;
				ASSETCATALOG_COMPILER_GLOBAL_ACCENT_COLOR_NAME = AccentColor;
				CODE_SIGN_IDENTITY = "Apple Development";
				CODE_SIGN_STYLE = Automatic;
				CURRENT_PROJECT_VERSION = 1;
				DEVELOPMENT_TEAM = 8T963ZW2EJ;
				GENERATE_INFOPLIST_FILE = YES;
				INFOPLIST_FILE = ArtOcean/Info.plist;
				INFOPLIST_KEY_UIApplicationSupportsIndirectInputEvents = YES;
				INFOPLIST_KEY_UILaunchStoryboardName = LaunchScreen;
				INFOPLIST_KEY_UISupportedInterfaceOrientations_iPad = "UIInterfaceOrientationPortrait UIInterfaceOrientationPortraitUpsideDown UIInterfaceOrientationLandscapeLeft UIInterfaceOrientationLandscapeRight";
				INFOPLIST_KEY_UISupportedInterfaceOrientations_iPhone = "UIInterfaceOrientationPortrait UIInterfaceOrientationLandscapeLeft UIInterfaceOrientationLandscapeRight";
				LD_RUNPATH_SEARCH_PATHS = (
					"$(inherited)",
					"@executable_path/Frameworks",
				);
				MARKETING_VERSION = 1.0;
				PRODUCT_BUNDLE_IDENTIFIER = com.Krish.ArtOcean;
				PRODUCT_NAME = "$(TARGET_NAME)";
				PROVISIONING_PROFILE_SPECIFIER = "";
				SWIFT_EMIT_LOC_STRINGS = YES;
				SWIFT_VERSION = 5.0;
				TARGETED_DEVICE_FAMILY = "1,2";
			};
			name = Debug;
		};
		EF8B0659283BEAC20050E726 /* Release */ = {
			isa = XCBuildConfiguration;
			buildSettings = {
				ASSETCATALOG_COMPILER_APPICON_NAME = AppIcon;
				ASSETCATALOG_COMPILER_GLOBAL_ACCENT_COLOR_NAME = AccentColor;
				CODE_SIGN_IDENTITY = "Apple Development";
				CODE_SIGN_STYLE = Automatic;
				CURRENT_PROJECT_VERSION = 1;
				DEVELOPMENT_TEAM = 8T963ZW2EJ;
				GENERATE_INFOPLIST_FILE = YES;
				INFOPLIST_FILE = ArtOcean/Info.plist;
				INFOPLIST_KEY_UIApplicationSupportsIndirectInputEvents = YES;
				INFOPLIST_KEY_UILaunchStoryboardName = LaunchScreen;
				INFOPLIST_KEY_UISupportedInterfaceOrientations_iPad = "UIInterfaceOrientationPortrait UIInterfaceOrientationPortraitUpsideDown UIInterfaceOrientationLandscapeLeft UIInterfaceOrientationLandscapeRight";
				INFOPLIST_KEY_UISupportedInterfaceOrientations_iPhone = "UIInterfaceOrientationPortrait UIInterfaceOrientationLandscapeLeft UIInterfaceOrientationLandscapeRight";
				LD_RUNPATH_SEARCH_PATHS = (
					"$(inherited)",
					"@executable_path/Frameworks",
				);
				MARKETING_VERSION = 1.0;
				PRODUCT_BUNDLE_IDENTIFIER = com.Krish.ArtOcean;
				PRODUCT_NAME = "$(TARGET_NAME)";
				PROVISIONING_PROFILE_SPECIFIER = "";
				SWIFT_EMIT_LOC_STRINGS = YES;
				SWIFT_VERSION = 5.0;
				TARGETED_DEVICE_FAMILY = "1,2";
			};
			name = Release;
		};
		EF8B065B283BEAC20050E726 /* Debug */ = {
			isa = XCBuildConfiguration;
			buildSettings = {
				ALWAYS_EMBED_SWIFT_STANDARD_LIBRARIES = YES;
				BUNDLE_LOADER = "$(TEST_HOST)";
				CODE_SIGN_STYLE = Automatic;
				CURRENT_PROJECT_VERSION = 1;
				GENERATE_INFOPLIST_FILE = YES;
				IPHONEOS_DEPLOYMENT_TARGET = 15.4;
				MARKETING_VERSION = 1.0;
				PRODUCT_BUNDLE_IDENTIFIER = com.Krish.ArtOceanTests;
				PRODUCT_NAME = "$(TARGET_NAME)";
				SWIFT_EMIT_LOC_STRINGS = NO;
				SWIFT_VERSION = 5.0;
				TARGETED_DEVICE_FAMILY = "1,2";
				TEST_HOST = "$(BUILT_PRODUCTS_DIR)/ArtOcean.app/ArtOcean";
			};
			name = Debug;
		};
		EF8B065C283BEAC20050E726 /* Release */ = {
			isa = XCBuildConfiguration;
			buildSettings = {
				ALWAYS_EMBED_SWIFT_STANDARD_LIBRARIES = YES;
				BUNDLE_LOADER = "$(TEST_HOST)";
				CODE_SIGN_STYLE = Automatic;
				CURRENT_PROJECT_VERSION = 1;
				GENERATE_INFOPLIST_FILE = YES;
				IPHONEOS_DEPLOYMENT_TARGET = 15.4;
				MARKETING_VERSION = 1.0;
				PRODUCT_BUNDLE_IDENTIFIER = com.Krish.ArtOceanTests;
				PRODUCT_NAME = "$(TARGET_NAME)";
				SWIFT_EMIT_LOC_STRINGS = NO;
				SWIFT_VERSION = 5.0;
				TARGETED_DEVICE_FAMILY = "1,2";
				TEST_HOST = "$(BUILT_PRODUCTS_DIR)/ArtOcean.app/ArtOcean";
			};
			name = Release;
		};
		EF8B065E283BEAC20050E726 /* Debug */ = {
			isa = XCBuildConfiguration;
			buildSettings = {
				ALWAYS_EMBED_SWIFT_STANDARD_LIBRARIES = YES;
				CODE_SIGN_STYLE = Automatic;
				CURRENT_PROJECT_VERSION = 1;
				GENERATE_INFOPLIST_FILE = YES;
				MARKETING_VERSION = 1.0;
				PRODUCT_BUNDLE_IDENTIFIER = com.Krish.ArtOceanUITests;
				PRODUCT_NAME = "$(TARGET_NAME)";
				SWIFT_EMIT_LOC_STRINGS = NO;
				SWIFT_VERSION = 5.0;
				TARGETED_DEVICE_FAMILY = "1,2";
				TEST_TARGET_NAME = ArtOcean;
			};
			name = Debug;
		};
		EF8B065F283BEAC20050E726 /* Release */ = {
			isa = XCBuildConfiguration;
			buildSettings = {
				ALWAYS_EMBED_SWIFT_STANDARD_LIBRARIES = YES;
				CODE_SIGN_STYLE = Automatic;
				CURRENT_PROJECT_VERSION = 1;
				GENERATE_INFOPLIST_FILE = YES;
				MARKETING_VERSION = 1.0;
				PRODUCT_BUNDLE_IDENTIFIER = com.Krish.ArtOceanUITests;
				PRODUCT_NAME = "$(TARGET_NAME)";
				SWIFT_EMIT_LOC_STRINGS = NO;
				SWIFT_VERSION = 5.0;
				TARGETED_DEVICE_FAMILY = "1,2";
				TEST_TARGET_NAME = ArtOcean;
			};
			name = Release;
		};
/* End XCBuildConfiguration section */

/* Begin XCConfigurationList section */
		EF8B0628283BEAC10050E726 /* Build configuration list for PBXProject "ArtOcean" */ = {
			isa = XCConfigurationList;
			buildConfigurations = (
				EF8B0655283BEAC20050E726 /* Debug */,
				EF8B0656283BEAC20050E726 /* Release */,
			);
			defaultConfigurationIsVisible = 0;
			defaultConfigurationName = Release;
		};
		EF8B0657283BEAC20050E726 /* Build configuration list for PBXNativeTarget "ArtOcean" */ = {
			isa = XCConfigurationList;
			buildConfigurations = (
				EF8B0658283BEAC20050E726 /* Debug */,
				EF8B0659283BEAC20050E726 /* Release */,
			);
			defaultConfigurationIsVisible = 0;
			defaultConfigurationName = Release;
		};
		EF8B065A283BEAC20050E726 /* Build configuration list for PBXNativeTarget "ArtOceanTests" */ = {
			isa = XCConfigurationList;
			buildConfigurations = (
				EF8B065B283BEAC20050E726 /* Debug */,
				EF8B065C283BEAC20050E726 /* Release */,
			);
			defaultConfigurationIsVisible = 0;
			defaultConfigurationName = Release;
		};
		EF8B065D283BEAC20050E726 /* Build configuration list for PBXNativeTarget "ArtOceanUITests" */ = {
			isa = XCConfigurationList;
			buildConfigurations = (
				EF8B065E283BEAC20050E726 /* Debug */,
				EF8B065F283BEAC20050E726 /* Release */,
			);
			defaultConfigurationIsVisible = 0;
			defaultConfigurationName = Release;
		};
/* End XCConfigurationList section */

/* Begin XCRemoteSwiftPackageReference section */
		EF52743F284AC53A008C77EC /* XCRemoteSwiftPackageReference "SDWebImage" */ = {
			isa = XCRemoteSwiftPackageReference;
			repositoryURL = "https://github.com/SDWebImage/SDWebImage.git";
			requirement = {
				kind = upToNextMajorVersion;
				minimumVersion = 5.0.0;
			};
		};
/* End XCRemoteSwiftPackageReference section */

/* Begin XCSwiftPackageProductDependency section */
		EF527440284AC53A008C77EC /* SDWebImage */ = {
			isa = XCSwiftPackageProductDependency;
			package = EF52743F284AC53A008C77EC /* XCRemoteSwiftPackageReference "SDWebImage" */;
			productName = SDWebImage;
		};
		EF527442284AC53A008C77EC /* SDWebImageMapKit */ = {
			isa = XCSwiftPackageProductDependency;
			package = EF52743F284AC53A008C77EC /* XCRemoteSwiftPackageReference "SDWebImage" */;
			productName = SDWebImageMapKit;
		};
/* End XCSwiftPackageProductDependency section */
	};
	rootObject = EF8B0625283BEAC10050E726 /* Project object */;
}
